// !$*UTF8*$!
{
	archiveVersion = 1;
	classes = {
	};
	objectVersion = 46;
	objects = {

/* Begin PBXAggregateTarget section */
		2A52AB9268F1CC291E534CA9 /* Harmoni - All */ = {
			isa = PBXAggregateTarget;
			buildConfigurationList = BDA98D04669003A6AAF43D3C;
			buildPhases = (
			);
			dependencies = (
				CF57582A773BD3D7200259A8,
				4A9302F8EE59212AE739ECB1,
				968CCDFA74F664530EEE45E9,
				3B5F1C91CF5F5F6EB3BBF79D,
			);
			name = "Harmoni - All";
			productName = Harmoni;
		};
/* End PBXAggregateTarget section */

/* Begin PBXBuildFile section */
		120D1336D4383F2CDF881ACD /* BlockGridComponent.cpp */ = {isa = PBXBuildFile; fileRef = B85959ECE592508EF9DD0305; };
		1592DA5A26B5DE07D12BD55F /* include_juce_gui_basics.mm */ = {isa = PBXBuildFile; fileRef = 2353F7C5F370E0A84DBA108B; };
		18C710524260C2F4CE15A5C3 /* include_juce_audio_processors.mm */ = {isa = PBXBuildFile; fileRef = A4BD8E2332C0022666D67F92; };
		1A4336E9B5E26BDE88DD2E34 /* WebKit.framework */ = {isa = PBXBuildFile; fileRef = 693E492D32E78DAF4D49EE86; };
		1B9B2B1E99D9ADD49E7A2809 /* PianoRollComponent.cpp */ = {isa = PBXBuildFile; fileRef = DA2F1B199EB762AC119B7931; };
		1BE4002110453B0B18F599C2 /* PluginEditor.cpp */ = {isa = PBXBuildFile; fileRef = 10C64A9FCEB6BDCE8CB589FC; };
		2641D7F1656CB65EBE467FD1 /* include_juce_data_structures.mm */ = {isa = PBXBuildFile; fileRef = DB6D811E918360B7CF4D8261; };
		29760D46261DD062F777E699 /* CoreMIDI.framework */ = {isa = PBXBuildFile; fileRef = D10890A66A4714F92E446D55; };
		2A4339E54AF358FD040FD300 /* CoreAudio.framework */ = {isa = PBXBuildFile; fileRef = 60FBAEBFF1FFCCE3462EC993; };
		2E51BC8C0D9DD087F192CCD8 /* QuartzCore.framework */ = {isa = PBXBuildFile; fileRef = 8FDED8498E09C1AAE88504CB; };
		2F5784A1DA3B5E57AD631148 /* include_juce_audio_plugin_client_AU_1.mm */ = {isa = PBXBuildFile; fileRef = 1DBDE92F3D39A00413A22888; };
		3144D62759BE15F71FFDCBEB /* AudioToolbox.framework */ = {isa = PBXBuildFile; fileRef = BBCE2DAF1DE88117C46648C4; };
		3347A07FE7D7052011510814 /* include_juce_audio_plugin_client_VST_utils.mm */ = {isa = PBXBuildFile; fileRef = CBC8C6D7FD2ECE495AB6321E; };
		33D6AA01A405C20FBB6AC274 /* include_juce_audio_devices.mm */ = {isa = PBXBuildFile; fileRef = 11E800E194D2D8405C9AD9A7; };
		35715982B9CB8B0DF98B5B16 /* RecentFilesMenuTemplate.nib */ = {isa = PBXBuildFile; fileRef = B044A6D6B385D8BF92355F14; };
		367C7B68EFD7F8B6810E90AE /* BlockGridControlPanel.cpp */ = {isa = PBXBuildFile; fileRef = 896C2056FEB6E9B68FC15DE8; };
		38A75CBEA3481EBE09D7C513 /* include_juce_events.mm */ = {isa = PBXBuildFile; fileRef = FBEC6A2B4F5E6FA94C78B691; };
		3D0FCCF2D543D31A3C2C7F6E /* include_juce_gui_extra.mm */ = {isa = PBXBuildFile; fileRef = 98F3FDD2C617A72FF2A2DEDD; };
		4027190F53F2ADE29FB28DCB /* Shared Code */ = {isa = PBXBuildFile; fileRef = 8A51459C19B94721ED7CCF67; };
		4D1F86A74A046D04DC59E62A /* Accelerate.framework */ = {isa = PBXBuildFile; fileRef = BDA698F2863B45E2FA6CE084; };
		4ED86536DCB7FE2D1C5BFBAA /* include_juce_audio_basics.mm */ = {isa = PBXBuildFile; fileRef = 1CB9F66ABC620FA7E0655E53; };
		4F9D2FA2E83CEC14110E5274 /* AudioUnit.framework */ = {isa = PBXBuildFile; fileRef = 95F2F36854397E85B627857C; };
		58A0840CC34157FC4BF7ED52 /* BlockGridStyleSheet.cpp */ = {isa = PBXBuildFile; fileRef = F7AA45D89A2B7CF748F55C75; };
		5B7B87790563453B2FC288EF /* Carbon.framework */ = {isa = PBXBuildFile; fileRef = 83AA6F24660FF23A1DE818AF; };
		67CB9C905E721F18348DB3DE /* include_juce_audio_formats.mm */ = {isa = PBXBuildFile; fileRef = 379AD63B163D283D634A22F4; };
		6882C43E543041293C6577F5 /* include_juce_audio_plugin_client_Standalone.cpp */ = {isa = PBXBuildFile; fileRef = 2F3E435162B0B2820C47FED5; };
		6C209F9DFB8D885CC226116D /* Standalone Plugin */ = {isa = PBXBuildFile; fileRef = AEF2B260F6EC348749E31570; };
		78C9F2053AE3D84801EE8E03 /* include_juce_audio_plugin_client_utils.cpp */ = {isa = PBXBuildFile; fileRef = 6A6073E18BABB7AF1CAC05CB; };
		7EAD601A093732590DBD82A1 /* DiscRecording.framework */ = {isa = PBXBuildFile; fileRef = E4E255A3A6C04BC620AA19B1; };
		80AB3FC4EE073F2AE330E2E0 /* include_juce_audio_plugin_client_AU_2.mm */ = {isa = PBXBuildFile; fileRef = 9DC3D98E8AC88EA69151CCC6; };
		813818842B3ADC680B5ECDCE /* NoteMessage.cpp */ = {isa = PBXBuildFile; fileRef = F0A48A32F9FAFF1781493230; };
		8BAE68A72572205EC1D726E2 /* Foundation.framework */ = {isa = PBXBuildFile; fileRef = ED6BF669DD29367E45D00D9B; };
		8E16A0081718F0FAB5B73FDE /* include_juce_core.mm */ = {isa = PBXBuildFile; fileRef = 29B0428E31C3C77050E2BD72; };
		8FBBCCFD2148C8415EEF50B3 /* include_juce_audio_utils.mm */ = {isa = PBXBuildFile; fileRef = B4A60FE1C05820DF14E7FEDD; };
		98F77C4BBB9FFE53FACCD5C7 /* include_juce_audio_plugin_client_VST3.cpp */ = {isa = PBXBuildFile; fileRef = 5DC6266055356C6458C65733; };
		9E6C3500E38C55ADA0F57A84 /* AU */ = {isa = PBXBuildFile; fileRef = FD44D60E725B2EE097360E5E; };
		A7D40BCA636DFE2C79C2EA3F /* KeyboardComponent.cpp */ = {isa = PBXBuildFile; fileRef = 7055E0719AA00FA815E70E4B; };
		BC3CB16D76A37C7FAC52BBD9 /* include_juce_graphics.mm */ = {isa = PBXBuildFile; fileRef = DD5DD5CFB12F5C8922CF9090; };
		BEBFEF402D89705F03A6AEAE /* include_juce_audio_plugin_client_AU.r */ = {isa = PBXBuildFile; fileRef = 0C8BA370672452E87CF0EA4C; };
		CB194F1175F705D5800656BF /* Cocoa.framework */ = {isa = PBXBuildFile; fileRef = 34727BC052E0CFC89944A92B; };
		CC306246A0952101F01EB370 /* BinaryData.cpp */ = {isa = PBXBuildFile; fileRef = 4793C1F624FB728DF911B396; };
		D2BC32C1302DCB40EC6DC133 /* KeyNoteComponent.cpp */ = {isa = PBXBuildFile; fileRef = 9F2D632A322A3B8B3564ABA9; };
		D71D6AD38D18512254831BEA /* NavbarComponent.cpp */ = {isa = PBXBuildFile; fileRef = F387FEFC1C926DF6CC972471; };
		DA57EBFD3DB5EE4BB0355014 /* VST3 */ = {isa = PBXBuildFile; fileRef = 2270B8FAD92D9D72B9F17C34; };
		E29CFB287508C07E37475AC0 /* PluginProcessor.cpp */ = {isa = PBXBuildFile; fileRef = AD71A824ABFFD88E6A2AD039; };
		E2A9039B5C5452F2CE8DC461 /* CoreAudioKit.framework */ = {isa = PBXBuildFile; fileRef = EDCF4D54C40519516DA12486; };
		EDC6AB37807904FF1C0DC3B9 /* IOKit.framework */ = {isa = PBXBuildFile; fileRef = 447FE97D0397E72651E3F7F2; };
/* End PBXBuildFile section */

/* Begin PBXFileReference section */
		0C3D80846B6D75C95B1FC770 /* juce_audio_basics */ /* juce_audio_basics */ = {isa = PBXFileReference; lastKnownFileType = folder; name = juce_audio_basics; path = /Users/axelborgmo/JUCE/modules/juce_audio_basics; sourceTree = "<absolute>"; };
		0C8BA370672452E87CF0EA4C /* include_juce_audio_plugin_client_AU.r */ /* include_juce_audio_plugin_client_AU.r */ = {isa = PBXFileReference; lastKnownFileType = file.r; name = include_juce_audio_plugin_client_AU.r; path = ../../JuceLibraryCode/include_juce_audio_plugin_client_AU.r; sourceTree = SOURCE_ROOT; };
		10C64A9FCEB6BDCE8CB589FC /* PluginEditor.cpp */ /* PluginEditor.cpp */ = {isa = PBXFileReference; lastKnownFileType = sourcecode.cpp.cpp; name = PluginEditor.cpp; path = ../../Source/PluginEditor.cpp; sourceTree = SOURCE_ROOT; };
		11E800E194D2D8405C9AD9A7 /* include_juce_audio_devices.mm */ /* include_juce_audio_devices.mm */ = {isa = PBXFileReference; lastKnownFileType = sourcecode.cpp.objcpp; name = include_juce_audio_devices.mm; path = ../../JuceLibraryCode/include_juce_audio_devices.mm; sourceTree = SOURCE_ROOT; };
		19B8F2C80321EA25F830402B /* NoteMessage.h */ /* NoteMessage.h */ = {isa = PBXFileReference; lastKnownFileType = sourcecode.c.h; name = NoteMessage.h; path = ../../Source/NoteMessage.h; sourceTree = SOURCE_ROOT; };
		1B8D84DDA6EFD0B86A3E3CF5 /* KeyNoteComponent.h */ /* KeyNoteComponent.h */ = {isa = PBXFileReference; lastKnownFileType = sourcecode.c.h; name = KeyNoteComponent.h; path = ../../Source/KeyNoteComponent.h; sourceTree = SOURCE_ROOT; };
		1CB9F66ABC620FA7E0655E53 /* include_juce_audio_basics.mm */ /* include_juce_audio_basics.mm */ = {isa = PBXFileReference; lastKnownFileType = sourcecode.cpp.objcpp; name = include_juce_audio_basics.mm; path = ../../JuceLibraryCode/include_juce_audio_basics.mm; sourceTree = SOURCE_ROOT; };
		1D318311B96396E09FE405EE /* juce_audio_devices */ /* juce_audio_devices */ = {isa = PBXFileReference; lastKnownFileType = folder; name = juce_audio_devices; path = /Users/axelborgmo/JUCE/modules/juce_audio_devices; sourceTree = "<absolute>"; };
		1DBDE92F3D39A00413A22888 /* include_juce_audio_plugin_client_AU_1.mm */ /* include_juce_audio_plugin_client_AU_1.mm */ = {isa = PBXFileReference; lastKnownFileType = sourcecode.cpp.objcpp; name = include_juce_audio_plugin_client_AU_1.mm; path = ../../JuceLibraryCode/include_juce_audio_plugin_client_AU_1.mm; sourceTree = SOURCE_ROOT; };
		2270B8FAD92D9D72B9F17C34 /* VST3 */ = {isa = PBXFileReference; explicitFileType = wrapper.cfbundle; includeInIndex = 0; path = Harmoni.vst3; sourceTree = BUILT_PRODUCTS_DIR; };
		2353F7C5F370E0A84DBA108B /* include_juce_gui_basics.mm */ /* include_juce_gui_basics.mm */ = {isa = PBXFileReference; lastKnownFileType = sourcecode.cpp.objcpp; name = include_juce_gui_basics.mm; path = ../../JuceLibraryCode/include_juce_gui_basics.mm; sourceTree = SOURCE_ROOT; };
		24A4A70CA57046B0607D8D5F /* BlockGridControlPanel.h */ /* BlockGridControlPanel.h */ = {isa = PBXFileReference; lastKnownFileType = sourcecode.c.h; name = BlockGridControlPanel.h; path = ../../Source/BlockGridControlPanel.h; sourceTree = SOURCE_ROOT; };
		29B0428E31C3C77050E2BD72 /* include_juce_core.mm */ /* include_juce_core.mm */ = {isa = PBXFileReference; lastKnownFileType = sourcecode.cpp.objcpp; name = include_juce_core.mm; path = ../../JuceLibraryCode/include_juce_core.mm; sourceTree = SOURCE_ROOT; };
		2F3E435162B0B2820C47FED5 /* include_juce_audio_plugin_client_Standalone.cpp */ /* include_juce_audio_plugin_client_Standalone.cpp */ = {isa = PBXFileReference; lastKnownFileType = sourcecode.cpp.cpp; name = include_juce_audio_plugin_client_Standalone.cpp; path = ../../JuceLibraryCode/include_juce_audio_plugin_client_Standalone.cpp; sourceTree = SOURCE_ROOT; };
		30AC383BA8D36DF1E220FF37 /* BinaryData.h */ /* BinaryData.h */ = {isa = PBXFileReference; lastKnownFileType = sourcecode.c.h; name = BinaryData.h; path = ../../JuceLibraryCode/BinaryData.h; sourceTree = SOURCE_ROOT; };
		30D9394C05C8C4CC0A48711C /* BlockGridComponent.h */ /* BlockGridComponent.h */ = {isa = PBXFileReference; lastKnownFileType = sourcecode.c.h; name = BlockGridComponent.h; path = ../../Source/BlockGridComponent.h; sourceTree = SOURCE_ROOT; };
		34727BC052E0CFC89944A92B /* Cocoa.framework */ /* Cocoa.framework */ = {isa = PBXFileReference; lastKnownFileType = wrapper.framework; name = Cocoa.framework; path = System/Library/Frameworks/Cocoa.framework; sourceTree = SDKROOT; };
		379AD63B163D283D634A22F4 /* include_juce_audio_formats.mm */ /* include_juce_audio_formats.mm */ = {isa = PBXFileReference; lastKnownFileType = sourcecode.cpp.objcpp; name = include_juce_audio_formats.mm; path = ../../JuceLibraryCode/include_juce_audio_formats.mm; sourceTree = SOURCE_ROOT; };
		447FE97D0397E72651E3F7F2 /* IOKit.framework */ /* IOKit.framework */ = {isa = PBXFileReference; lastKnownFileType = wrapper.framework; name = IOKit.framework; path = System/Library/Frameworks/IOKit.framework; sourceTree = SDKROOT; };
		4793C1F624FB728DF911B396 /* BinaryData.cpp */ /* BinaryData.cpp */ = {isa = PBXFileReference; lastKnownFileType = sourcecode.cpp.cpp; name = BinaryData.cpp; path = ../../JuceLibraryCode/BinaryData.cpp; sourceTree = SOURCE_ROOT; };
		520482B94923C203663A7991 /* JuceHeader.h */ /* JuceHeader.h */ = {isa = PBXFileReference; lastKnownFileType = sourcecode.c.h; name = JuceHeader.h; path = ../../JuceLibraryCode/JuceHeader.h; sourceTree = SOURCE_ROOT; };
		5DC6266055356C6458C65733 /* include_juce_audio_plugin_client_VST3.cpp */ /* include_juce_audio_plugin_client_VST3.cpp */ = {isa = PBXFileReference; lastKnownFileType = sourcecode.cpp.cpp; name = include_juce_audio_plugin_client_VST3.cpp; path = ../../JuceLibraryCode/include_juce_audio_plugin_client_VST3.cpp; sourceTree = SOURCE_ROOT; };
		60FBAEBFF1FFCCE3462EC993 /* CoreAudio.framework */ /* CoreAudio.framework */ = {isa = PBXFileReference; lastKnownFileType = wrapper.framework; name = CoreAudio.framework; path = System/Library/Frameworks/CoreAudio.framework; sourceTree = SDKROOT; };
		619DA200B4FA9E5089104EFE /* juce_events */ /* juce_events */ = {isa = PBXFileReference; lastKnownFileType = folder; name = juce_events; path = /Users/axelborgmo/JUCE/modules/juce_events; sourceTree = "<absolute>"; };
		693E492D32E78DAF4D49EE86 /* WebKit.framework */ /* WebKit.framework */ = {isa = PBXFileReference; lastKnownFileType = wrapper.framework; name = WebKit.framework; path = System/Library/Frameworks/WebKit.framework; sourceTree = SDKROOT; };
		6A6073E18BABB7AF1CAC05CB /* include_juce_audio_plugin_client_utils.cpp */ /* include_juce_audio_plugin_client_utils.cpp */ = {isa = PBXFileReference; lastKnownFileType = sourcecode.cpp.cpp; name = include_juce_audio_plugin_client_utils.cpp; path = ../../JuceLibraryCode/include_juce_audio_plugin_client_utils.cpp; sourceTree = SOURCE_ROOT; };
		702D6ECE22036D54521D1365 /* Info-VST3.plist */ /* Info-VST3.plist */ = {isa = PBXFileReference; lastKnownFileType = text.plist.xml; name = "Info-VST3.plist"; path = "Info-VST3.plist"; sourceTree = SOURCE_ROOT; };
		7055E0719AA00FA815E70E4B /* KeyboardComponent.cpp */ /* KeyboardComponent.cpp */ = {isa = PBXFileReference; lastKnownFileType = sourcecode.cpp.cpp; name = KeyboardComponent.cpp; path = ../../Source/KeyboardComponent.cpp; sourceTree = SOURCE_ROOT; };
		768AAC47B6FFE1595D45B83E /* Info-Standalone_Plugin.plist */ /* Info-Standalone_Plugin.plist */ = {isa = PBXFileReference; lastKnownFileType = text.plist.xml; name = "Info-Standalone_Plugin.plist"; path = "Info-Standalone_Plugin.plist"; sourceTree = SOURCE_ROOT; };
		782D47155C5243EE526CA13D /* juce_audio_utils */ /* juce_audio_utils */ = {isa = PBXFileReference; lastKnownFileType = folder; name = juce_audio_utils; path = /Users/axelborgmo/JUCE/modules/juce_audio_utils; sourceTree = "<absolute>"; };
		823F2445C39AE0ECF2F5EC9F /* PConstants.h */ /* PConstants.h */ = {isa = PBXFileReference; lastKnownFileType = sourcecode.c.h; name = PConstants.h; path = ../../Source/PConstants.h; sourceTree = SOURCE_ROOT; };
		83276C82718FC0B7A51B4819 /* juce_audio_processors */ /* juce_audio_processors */ = {isa = PBXFileReference; lastKnownFileType = folder; name = juce_audio_processors; path = /Users/axelborgmo/JUCE/modules/juce_audio_processors; sourceTree = "<absolute>"; };
		83AA6F24660FF23A1DE818AF /* Carbon.framework */ /* Carbon.framework */ = {isa = PBXFileReference; lastKnownFileType = wrapper.framework; name = Carbon.framework; path = System/Library/Frameworks/Carbon.framework; sourceTree = SDKROOT; };
		86CE9EAC6F6ED29255C46755 /* JucePluginDefines.h */ /* JucePluginDefines.h */ = {isa = PBXFileReference; lastKnownFileType = sourcecode.c.h; name = JucePluginDefines.h; path = ../../JuceLibraryCode/JucePluginDefines.h; sourceTree = SOURCE_ROOT; };
		896C2056FEB6E9B68FC15DE8 /* BlockGridControlPanel.cpp */ /* BlockGridControlPanel.cpp */ = {isa = PBXFileReference; lastKnownFileType = sourcecode.cpp.cpp; name = BlockGridControlPanel.cpp; path = ../../Source/BlockGridControlPanel.cpp; sourceTree = SOURCE_ROOT; };
		8A51459C19B94721ED7CCF67 /* Shared Code */ = {isa = PBXFileReference; explicitFileType = archive.ar; includeInIndex = 0; path = libHarmoni.a; sourceTree = BUILT_PRODUCTS_DIR; };
		8EB69E59C89D51D89B4A6EA0 /* Info-AU.plist */ /* Info-AU.plist */ = {isa = PBXFileReference; lastKnownFileType = text.plist.xml; name = "Info-AU.plist"; path = "Info-AU.plist"; sourceTree = SOURCE_ROOT; };
		8F719FAF48A72927027A8DAC /* juce_gui_basics */ /* juce_gui_basics */ = {isa = PBXFileReference; lastKnownFileType = folder; name = juce_gui_basics; path = /Users/axelborgmo/JUCE/modules/juce_gui_basics; sourceTree = "<absolute>"; };
		8FDED8498E09C1AAE88504CB /* QuartzCore.framework */ /* QuartzCore.framework */ = {isa = PBXFileReference; lastKnownFileType = wrapper.framework; name = QuartzCore.framework; path = System/Library/Frameworks/QuartzCore.framework; sourceTree = SDKROOT; };
		95F2F36854397E85B627857C /* AudioUnit.framework */ /* AudioUnit.framework */ = {isa = PBXFileReference; lastKnownFileType = wrapper.framework; name = AudioUnit.framework; path = System/Library/Frameworks/AudioUnit.framework; sourceTree = SDKROOT; };
		98F3FDD2C617A72FF2A2DEDD /* include_juce_gui_extra.mm */ /* include_juce_gui_extra.mm */ = {isa = PBXFileReference; lastKnownFileType = sourcecode.cpp.objcpp; name = include_juce_gui_extra.mm; path = ../../JuceLibraryCode/include_juce_gui_extra.mm; sourceTree = SOURCE_ROOT; };
		9DC3D98E8AC88EA69151CCC6 /* include_juce_audio_plugin_client_AU_2.mm */ /* include_juce_audio_plugin_client_AU_2.mm */ = {isa = PBXFileReference; lastKnownFileType = sourcecode.cpp.objcpp; name = include_juce_audio_plugin_client_AU_2.mm; path = ../../JuceLibraryCode/include_juce_audio_plugin_client_AU_2.mm; sourceTree = SOURCE_ROOT; };
		9F2D632A322A3B8B3564ABA9 /* KeyNoteComponent.cpp */ /* KeyNoteComponent.cpp */ = {isa = PBXFileReference; lastKnownFileType = sourcecode.cpp.cpp; name = KeyNoteComponent.cpp; path = ../../Source/KeyNoteComponent.cpp; sourceTree = SOURCE_ROOT; };
		A236404DF81C301BA5CC4F78 /* NavbarComponent.h */ /* NavbarComponent.h */ = {isa = PBXFileReference; lastKnownFileType = sourcecode.c.h; name = NavbarComponent.h; path = ../../Source/NavbarComponent.h; sourceTree = SOURCE_ROOT; };
		A4BD8E2332C0022666D67F92 /* include_juce_audio_processors.mm */ /* include_juce_audio_processors.mm */ = {isa = PBXFileReference; lastKnownFileType = sourcecode.cpp.objcpp; name = include_juce_audio_processors.mm; path = ../../JuceLibraryCode/include_juce_audio_processors.mm; sourceTree = SOURCE_ROOT; };
		AD1F8B676A986869490C085E /* KeyboardComponent.h */ /* KeyboardComponent.h */ = {isa = PBXFileReference; lastKnownFileType = sourcecode.c.h; name = KeyboardComponent.h; path = ../../Source/KeyboardComponent.h; sourceTree = SOURCE_ROOT; };
		AD71A824ABFFD88E6A2AD039 /* PluginProcessor.cpp */ /* PluginProcessor.cpp */ = {isa = PBXFileReference; lastKnownFileType = sourcecode.cpp.cpp; name = PluginProcessor.cpp; path = ../../Source/PluginProcessor.cpp; sourceTree = SOURCE_ROOT; };
		AE2BB97789DC4CAFF363394F /* midiExportIcon.png */ /* midiExportIcon.png */ = {isa = PBXFileReference; lastKnownFileType = image.png; name = midiExportIcon.png; path = ../../Img/midiExportIcon.png; sourceTree = SOURCE_ROOT; };
		AE5D0763A17125318760AF36 /* PianoRollComponent.h */ /* PianoRollComponent.h */ = {isa = PBXFileReference; lastKnownFileType = sourcecode.c.h; name = PianoRollComponent.h; path = ../../Source/PianoRollComponent.h; sourceTree = SOURCE_ROOT; };
		AEF2B260F6EC348749E31570 /* Standalone Plugin */ = {isa = PBXFileReference; explicitFileType = wrapper.application; includeInIndex = 0; path = Harmoni.app; sourceTree = BUILT_PRODUCTS_DIR; };
		B044A6D6B385D8BF92355F14 /* RecentFilesMenuTemplate.nib */ /* RecentFilesMenuTemplate.nib */ = {isa = PBXFileReference; lastKnownFileType = file.nib; name = RecentFilesMenuTemplate.nib; path = RecentFilesMenuTemplate.nib; sourceTree = SOURCE_ROOT; };
		B4A60FE1C05820DF14E7FEDD /* include_juce_audio_utils.mm */ /* include_juce_audio_utils.mm */ = {isa = PBXFileReference; lastKnownFileType = sourcecode.cpp.objcpp; name = include_juce_audio_utils.mm; path = ../../JuceLibraryCode/include_juce_audio_utils.mm; sourceTree = SOURCE_ROOT; };
		B85959ECE592508EF9DD0305 /* BlockGridComponent.cpp */ /* BlockGridComponent.cpp */ = {isa = PBXFileReference; lastKnownFileType = sourcecode.cpp.cpp; name = BlockGridComponent.cpp; path = ../../Source/BlockGridComponent.cpp; sourceTree = SOURCE_ROOT; };
		B95F51EF41E55B5D6A3CB242 /* juce_data_structures */ /* juce_data_structures */ = {isa = PBXFileReference; lastKnownFileType = folder; name = juce_data_structures; path = /Users/axelborgmo/JUCE/modules/juce_data_structures; sourceTree = "<absolute>"; };
		BBCE2DAF1DE88117C46648C4 /* AudioToolbox.framework */ /* AudioToolbox.framework */ = {isa = PBXFileReference; lastKnownFileType = wrapper.framework; name = AudioToolbox.framework; path = System/Library/Frameworks/AudioToolbox.framework; sourceTree = SDKROOT; };
		BDA698F2863B45E2FA6CE084 /* Accelerate.framework */ /* Accelerate.framework */ = {isa = PBXFileReference; lastKnownFileType = wrapper.framework; name = Accelerate.framework; path = System/Library/Frameworks/Accelerate.framework; sourceTree = SDKROOT; };
		C3D8E05EE558E49E9BC869F1 /* BlockGridStyleSheet.h */ /* BlockGridStyleSheet.h */ = {isa = PBXFileReference; lastKnownFileType = sourcecode.c.h; name = BlockGridStyleSheet.h; path = ../../Source/BlockGridStyleSheet.h; sourceTree = SOURCE_ROOT; };
		C9BE01E8CBE4F6B0C8D8B6FC /* juce_graphics */ /* juce_graphics */ = {isa = PBXFileReference; lastKnownFileType = folder; name = juce_graphics; path = /Users/axelborgmo/JUCE/modules/juce_graphics; sourceTree = "<absolute>"; };
		CBC8C6D7FD2ECE495AB6321E /* include_juce_audio_plugin_client_VST_utils.mm */ /* include_juce_audio_plugin_client_VST_utils.mm */ = {isa = PBXFileReference; lastKnownFileType = sourcecode.cpp.objcpp; name = include_juce_audio_plugin_client_VST_utils.mm; path = ../../JuceLibraryCode/include_juce_audio_plugin_client_VST_utils.mm; sourceTree = SOURCE_ROOT; };
		D10890A66A4714F92E446D55 /* CoreMIDI.framework */ /* CoreMIDI.framework */ = {isa = PBXFileReference; lastKnownFileType = wrapper.framework; name = CoreMIDI.framework; path = System/Library/Frameworks/CoreMIDI.framework; sourceTree = SDKROOT; };
		DA2F1B199EB762AC119B7931 /* PianoRollComponent.cpp */ /* PianoRollComponent.cpp */ = {isa = PBXFileReference; lastKnownFileType = sourcecode.cpp.cpp; name = PianoRollComponent.cpp; path = ../../Source/PianoRollComponent.cpp; sourceTree = SOURCE_ROOT; };
		DB6D811E918360B7CF4D8261 /* include_juce_data_structures.mm */ /* include_juce_data_structures.mm */ = {isa = PBXFileReference; lastKnownFileType = sourcecode.cpp.objcpp; name = include_juce_data_structures.mm; path = ../../JuceLibraryCode/include_juce_data_structures.mm; sourceTree = SOURCE_ROOT; };
		DD5DD5CFB12F5C8922CF9090 /* include_juce_graphics.mm */ /* include_juce_graphics.mm */ = {isa = PBXFileReference; lastKnownFileType = sourcecode.cpp.objcpp; name = include_juce_graphics.mm; path = ../../JuceLibraryCode/include_juce_graphics.mm; sourceTree = SOURCE_ROOT; };
		E11BC10BAE0291FC3CC55164 /* PluginEditor.h */ /* PluginEditor.h */ = {isa = PBXFileReference; lastKnownFileType = sourcecode.c.h; name = PluginEditor.h; path = ../../Source/PluginEditor.h; sourceTree = SOURCE_ROOT; };
		E4E255A3A6C04BC620AA19B1 /* DiscRecording.framework */ /* DiscRecording.framework */ = {isa = PBXFileReference; lastKnownFileType = wrapper.framework; name = DiscRecording.framework; path = System/Library/Frameworks/DiscRecording.framework; sourceTree = SDKROOT; };
		ED6BF669DD29367E45D00D9B /* Foundation.framework */ /* Foundation.framework */ = {isa = PBXFileReference; lastKnownFileType = wrapper.framework; name = Foundation.framework; path = System/Library/Frameworks/Foundation.framework; sourceTree = SDKROOT; };
		EDCF4D54C40519516DA12486 /* CoreAudioKit.framework */ /* CoreAudioKit.framework */ = {isa = PBXFileReference; lastKnownFileType = wrapper.framework; name = CoreAudioKit.framework; path = System/Library/Frameworks/CoreAudioKit.framework; sourceTree = SDKROOT; };
		EF0AE69B1302FBB82D1CF494 /* juce_gui_extra */ /* juce_gui_extra */ = {isa = PBXFileReference; lastKnownFileType = folder; name = juce_gui_extra; path = /Users/axelborgmo/JUCE/modules/juce_gui_extra; sourceTree = "<absolute>"; };
		EF99F0BD34D0E76329DF1434 /* juce_core */ /* juce_core */ = {isa = PBXFileReference; lastKnownFileType = folder; name = juce_core; path = /Users/axelborgmo/JUCE/modules/juce_core; sourceTree = "<absolute>"; };
		F0A48A32F9FAFF1781493230 /* NoteMessage.cpp */ /* NoteMessage.cpp */ = {isa = PBXFileReference; lastKnownFileType = sourcecode.cpp.cpp; name = NoteMessage.cpp; path = ../../Source/NoteMessage.cpp; sourceTree = SOURCE_ROOT; };
		F0FF2B9714BE039AB3BCC006 /* PluginProcessor.h */ /* PluginProcessor.h */ = {isa = PBXFileReference; lastKnownFileType = sourcecode.c.h; name = PluginProcessor.h; path = ../../Source/PluginProcessor.h; sourceTree = SOURCE_ROOT; };
		F387FEFC1C926DF6CC972471 /* NavbarComponent.cpp */ /* NavbarComponent.cpp */ = {isa = PBXFileReference; lastKnownFileType = sourcecode.cpp.cpp; name = NavbarComponent.cpp; path = ../../Source/NavbarComponent.cpp; sourceTree = SOURCE_ROOT; };
		F7AA45D89A2B7CF748F55C75 /* BlockGridStyleSheet.cpp */ /* BlockGridStyleSheet.cpp */ = {isa = PBXFileReference; lastKnownFileType = sourcecode.cpp.cpp; name = BlockGridStyleSheet.cpp; path = ../../Source/BlockGridStyleSheet.cpp; sourceTree = SOURCE_ROOT; };
		F8FEFEB14BC643B56FA60FA2 /* juce_audio_formats */ /* juce_audio_formats */ = {isa = PBXFileReference; lastKnownFileType = folder; name = juce_audio_formats; path = /Users/axelborgmo/JUCE/modules/juce_audio_formats; sourceTree = "<absolute>"; };
		FBEC6A2B4F5E6FA94C78B691 /* include_juce_events.mm */ /* include_juce_events.mm */ = {isa = PBXFileReference; lastKnownFileType = sourcecode.cpp.objcpp; name = include_juce_events.mm; path = ../../JuceLibraryCode/include_juce_events.mm; sourceTree = SOURCE_ROOT; };
		FC9C0D393D3F233D97D84C44 /* juce_audio_plugin_client */ /* juce_audio_plugin_client */ = {isa = PBXFileReference; lastKnownFileType = folder; name = juce_audio_plugin_client; path = /Users/axelborgmo/JUCE/modules/juce_audio_plugin_client; sourceTree = "<absolute>"; };
		FD44D60E725B2EE097360E5E /* AU */ = {isa = PBXFileReference; explicitFileType = wrapper.cfbundle; includeInIndex = 0; path = Harmoni.component; sourceTree = BUILT_PRODUCTS_DIR; };
/* End PBXFileReference section */

/* Begin PBXFrameworksBuildPhase section */
		097DAB725CB66E8C10935336 = {
			isa = PBXFrameworksBuildPhase;
			buildActionMask = 2147483647;
			files = (
				4D1F86A74A046D04DC59E62A,
				3144D62759BE15F71FFDCBEB,
				5B7B87790563453B2FC288EF,
				CB194F1175F705D5800656BF,
				2A4339E54AF358FD040FD300,
				E2A9039B5C5452F2CE8DC461,
				29760D46261DD062F777E699,
				7EAD601A093732590DBD82A1,
				8BAE68A72572205EC1D726E2,
				EDC6AB37807904FF1C0DC3B9,
				2E51BC8C0D9DD087F192CCD8,
				1A4336E9B5E26BDE88DD2E34,
			);
			runOnlyForDeploymentPostprocessing = 0;
		};
		0E3B3E8B54709BCC415D0D2B = {
			isa = PBXFrameworksBuildPhase;
			buildActionMask = 2147483647;
			files = (
				4F9D2FA2E83CEC14110E5274,
				4D1F86A74A046D04DC59E62A,
				3144D62759BE15F71FFDCBEB,
				5B7B87790563453B2FC288EF,
				CB194F1175F705D5800656BF,
				2A4339E54AF358FD040FD300,
				E2A9039B5C5452F2CE8DC461,
				29760D46261DD062F777E699,
				7EAD601A093732590DBD82A1,
				8BAE68A72572205EC1D726E2,
				EDC6AB37807904FF1C0DC3B9,
				2E51BC8C0D9DD087F192CCD8,
				1A4336E9B5E26BDE88DD2E34,
			);
			runOnlyForDeploymentPostprocessing = 0;
		};
		BE7AF44FDDBE65103A850DB5 = {
			isa = PBXFrameworksBuildPhase;
			buildActionMask = 2147483647;
			files = (
				4D1F86A74A046D04DC59E62A,
				3144D62759BE15F71FFDCBEB,
				5B7B87790563453B2FC288EF,
				CB194F1175F705D5800656BF,
				2A4339E54AF358FD040FD300,
				E2A9039B5C5452F2CE8DC461,
				29760D46261DD062F777E699,
				7EAD601A093732590DBD82A1,
				8BAE68A72572205EC1D726E2,
				EDC6AB37807904FF1C0DC3B9,
				2E51BC8C0D9DD087F192CCD8,
				1A4336E9B5E26BDE88DD2E34,
			);
			runOnlyForDeploymentPostprocessing = 0;
		};
/* End PBXFrameworksBuildPhase section */

/* Begin PBXGroup section */
		2299845DF61753A5123E44B6 /* Harmoni */ = {
			isa = PBXGroup;
			children = (
				CBAB898708D97C4A429B4200,
				72EB588AD75ACF7D486F193C,
			);
			name = Harmoni;
			sourceTree = "<group>";
		};
		708B6710AB356BE20081FB9F /* Frameworks */ = {
			isa = PBXGroup;
			children = (
				95F2F36854397E85B627857C,
				BDA698F2863B45E2FA6CE084,
				BBCE2DAF1DE88117C46648C4,
				83AA6F24660FF23A1DE818AF,
				34727BC052E0CFC89944A92B,
				60FBAEBFF1FFCCE3462EC993,
				EDCF4D54C40519516DA12486,
				D10890A66A4714F92E446D55,
				E4E255A3A6C04BC620AA19B1,
				ED6BF669DD29367E45D00D9B,
				447FE97D0397E72651E3F7F2,
				8FDED8498E09C1AAE88504CB,
				693E492D32E78DAF4D49EE86,
			);
			name = Frameworks;
			sourceTree = "<group>";
		};
		72EB588AD75ACF7D486F193C /* Img */ = {
			isa = PBXGroup;
			children = (
				AE2BB97789DC4CAFF363394F,
			);
			name = Img;
			sourceTree = "<group>";
		};
		85AEDB8B22EE13580CA59047 /* JUCE Library Code */ = {
			isa = PBXGroup;
			children = (
				4793C1F624FB728DF911B396,
				30AC383BA8D36DF1E220FF37,
				1CB9F66ABC620FA7E0655E53,
				11E800E194D2D8405C9AD9A7,
				379AD63B163D283D634A22F4,
				0C8BA370672452E87CF0EA4C,
				1DBDE92F3D39A00413A22888,
				9DC3D98E8AC88EA69151CCC6,
				2F3E435162B0B2820C47FED5,
				6A6073E18BABB7AF1CAC05CB,
				CBC8C6D7FD2ECE495AB6321E,
				5DC6266055356C6458C65733,
				A4BD8E2332C0022666D67F92,
				B4A60FE1C05820DF14E7FEDD,
				29B0428E31C3C77050E2BD72,
				DB6D811E918360B7CF4D8261,
				FBEC6A2B4F5E6FA94C78B691,
				DD5DD5CFB12F5C8922CF9090,
				2353F7C5F370E0A84DBA108B,
				98F3FDD2C617A72FF2A2DEDD,
				520482B94923C203663A7991,
				86CE9EAC6F6ED29255C46755,
			);
			name = "JUCE Library Code";
			sourceTree = "<group>";
		};
		A4EE81FB459A903CC667E959 /* Resources */ = {
			isa = PBXGroup;
			children = (
				702D6ECE22036D54521D1365,
				8EB69E59C89D51D89B4A6EA0,
				768AAC47B6FFE1595D45B83E,
				B044A6D6B385D8BF92355F14,
			);
			name = Resources;
			sourceTree = "<group>";
		};
		AD1079A3D49012A185D93BA2 /* Source */ = {
			isa = PBXGroup;
			children = (
				2299845DF61753A5123E44B6,
				EC61E757400F89F4B1DE0FCD,
				85AEDB8B22EE13580CA59047,
				A4EE81FB459A903CC667E959,
				708B6710AB356BE20081FB9F,
				CA57ABB2900FF61363BB0BD6,
			);
			name = Source;
			sourceTree = "<group>";
		};
		CA57ABB2900FF61363BB0BD6 /* Products */ = {
			isa = PBXGroup;
			children = (
				2270B8FAD92D9D72B9F17C34,
				FD44D60E725B2EE097360E5E,
				AEF2B260F6EC348749E31570,
				8A51459C19B94721ED7CCF67,
			);
			name = Products;
			sourceTree = "<group>";
		};
		CBAB898708D97C4A429B4200 /* Source */ = {
			isa = PBXGroup;
			children = (
				AD71A824ABFFD88E6A2AD039,
				F0FF2B9714BE039AB3BCC006,
				10C64A9FCEB6BDCE8CB589FC,
				E11BC10BAE0291FC3CC55164,
				DA2F1B199EB762AC119B7931,
				AE5D0763A17125318760AF36,
				7055E0719AA00FA815E70E4B,
				AD1F8B676A986869490C085E,
				F387FEFC1C926DF6CC972471,
				A236404DF81C301BA5CC4F78,
				896C2056FEB6E9B68FC15DE8,
				24A4A70CA57046B0607D8D5F,
				F7AA45D89A2B7CF748F55C75,
				C3D8E05EE558E49E9BC869F1,
				B85959ECE592508EF9DD0305,
				30D9394C05C8C4CC0A48711C,
				9F2D632A322A3B8B3564ABA9,
				1B8D84DDA6EFD0B86A3E3CF5,
				F0A48A32F9FAFF1781493230,
				19B8F2C80321EA25F830402B,
				823F2445C39AE0ECF2F5EC9F,
			);
			name = Source;
			sourceTree = "<group>";
		};
		EC61E757400F89F4B1DE0FCD /* JUCE Modules */ = {
			isa = PBXGroup;
			children = (
				0C3D80846B6D75C95B1FC770,
				1D318311B96396E09FE405EE,
				F8FEFEB14BC643B56FA60FA2,
				FC9C0D393D3F233D97D84C44,
				83276C82718FC0B7A51B4819,
				782D47155C5243EE526CA13D,
				EF99F0BD34D0E76329DF1434,
				B95F51EF41E55B5D6A3CB242,
				619DA200B4FA9E5089104EFE,
				C9BE01E8CBE4F6B0C8D8B6FC,
				8F719FAF48A72927027A8DAC,
				EF0AE69B1302FBB82D1CF494,
			);
			name = "JUCE Modules";
			sourceTree = "<group>";
		};
/* End PBXGroup section */

/* Begin PBXNativeTarget section */
		2C310C413FBEB276FB466E2E /* Harmoni - AU */ = {
			isa = PBXNativeTarget;
			buildConfigurationList = AE1D970BF3A259A9DBEB49C5;
			buildPhases = (
				48498D6F73D4A1CB0E510347,
				DC5E1B593080E3F9A502459F,
				AA0771493B16325A94395FE8,
				0E3B3E8B54709BCC415D0D2B,
			);
			buildRules = (
			);
			dependencies = (
				B919BA6B0DB56E56EEF3BE24,
			);
			name = "Harmoni - AU";
			productName = Harmoni;
			productReference = FD44D60E725B2EE097360E5E;
			productType = "com.apple.product-type.bundle";
		};
		5184CDB87085CABC82FBE22D /* Harmoni - VST3 */ = {
			isa = PBXNativeTarget;
			buildConfigurationList = FA29B008E190C0671542A76E;
			buildPhases = (
				4186DA6683798803541B8294,
				DF5D029193A9B85B6E62C6BB,
				097DAB725CB66E8C10935336,
			);
			buildRules = (
			);
			dependencies = (
				FF2346697B2299596DCFEC6B,
			);
			name = "Harmoni - VST3";
			productName = Harmoni;
			productReference = 2270B8FAD92D9D72B9F17C34;
			productType = "com.apple.product-type.bundle";
		};
		9F3805581BBF3F39CDC3DDAC /* Harmoni - Standalone Plugin */ = {
			isa = PBXNativeTarget;
			buildConfigurationList = 883FB73CD2E3E0FE791C7584;
			buildPhases = (
				97C5B061F4DFE0E419099B68,
				F7995FB36744FF33246669B5,
				BE7AF44FDDBE65103A850DB5,
			);
			buildRules = (
			);
			dependencies = (
				0AAF721F49D65D585595B05E,
			);
			name = "Harmoni - Standalone Plugin";
			productName = Harmoni;
			productReference = AEF2B260F6EC348749E31570;
			productType = "com.apple.product-type.application";
		};
		CCCC728878B7BD56B85A56BC /* Harmoni - Shared Code */ = {
			isa = PBXNativeTarget;
			buildConfigurationList = 3FFC2CD19525D252578B6CCB;
			buildPhases = (
				FB1A82AA099A3477E5DBB56D,
			);
			buildRules = (
			);
			dependencies = (
			);
			name = "Harmoni - Shared Code";
			productName = Harmoni;
			productReference = 8A51459C19B94721ED7CCF67;
			productType = "com.apple.product-type.library.static";
		};
/* End PBXNativeTarget section */

/* Begin PBXProject section */
		9A0D2AE37DA5B4538BCAD41A = {
			isa = PBXProject;
			attributes = {
				LastUpgradeCheck = 1320;
				ORGANIZATIONNAME = "";
				TargetAttributes = {
					2A52AB9268F1CC291E534CA9 = {
						SystemCapabilities = {
							com.apple.ApplicationGroups.iOS = {
								enabled = 0;
							};
							com.apple.HardenedRuntime = {
								enabled = 0;
							};
							com.apple.InAppPurchase = {
								enabled = 0;
							};
							com.apple.InterAppAudio = {
								enabled = 0;
							};
							com.apple.Push = {
								enabled = 0;
							};
							com.apple.Sandbox = {
								enabled = 0;
							};
						};
					};
					2C310C413FBEB276FB466E2E = {
						SystemCapabilities = {
							com.apple.ApplicationGroups.iOS = {
								enabled = 0;
							};
							com.apple.HardenedRuntime = {
								enabled = 0;
							};
							com.apple.InAppPurchase = {
								enabled = 0;
							};
							com.apple.InterAppAudio = {
								enabled = 0;
							};
							com.apple.Push = {
								enabled = 0;
							};
							com.apple.Sandbox = {
								enabled = 0;
							};
						};
					};
					5184CDB87085CABC82FBE22D = {
						SystemCapabilities = {
							com.apple.ApplicationGroups.iOS = {
								enabled = 0;
							};
							com.apple.HardenedRuntime = {
								enabled = 0;
							};
							com.apple.InAppPurchase = {
								enabled = 0;
							};
							com.apple.InterAppAudio = {
								enabled = 0;
							};
							com.apple.Push = {
								enabled = 0;
							};
							com.apple.Sandbox = {
								enabled = 0;
							};
						};
					};
					9F3805581BBF3F39CDC3DDAC = {
						SystemCapabilities = {
							com.apple.ApplicationGroups.iOS = {
								enabled = 0;
							};
							com.apple.HardenedRuntime = {
								enabled = 0;
							};
							com.apple.InAppPurchase = {
								enabled = 0;
							};
							com.apple.InterAppAudio = {
								enabled = 0;
							};
							com.apple.Push = {
								enabled = 0;
							};
							com.apple.Sandbox = {
								enabled = 0;
							};
						};
					};
					CCCC728878B7BD56B85A56BC = {
						SystemCapabilities = {
							com.apple.ApplicationGroups.iOS = {
								enabled = 0;
							};
							com.apple.HardenedRuntime = {
								enabled = 0;
							};
							com.apple.InAppPurchase = {
								enabled = 0;
							};
							com.apple.InterAppAudio = {
								enabled = 0;
							};
							com.apple.Push = {
								enabled = 0;
							};
							com.apple.Sandbox = {
								enabled = 0;
							};
						};
					};
				};
			};
			buildConfigurationList = AA56EE4DEFFDCD9ED915D252;
			compatibilityVersion = "Xcode 3.2";
			hasScannedForEncodings = 0;
			knownRegions = (
				en,
				Base,
			);
			mainGroup = AD1079A3D49012A185D93BA2;
			projectDirPath = "";
			projectRoot = "";
			targets = (
				2A52AB9268F1CC291E534CA9,
				5184CDB87085CABC82FBE22D,
				2C310C413FBEB276FB466E2E,
				9F3805581BBF3F39CDC3DDAC,
				CCCC728878B7BD56B85A56BC,
			);
		};
/* End PBXProject section */

/* Begin PBXResourcesBuildPhase section */
		4186DA6683798803541B8294 = {
			isa = PBXResourcesBuildPhase;
			buildActionMask = 2147483647;
			files = (
				35715982B9CB8B0DF98B5B16,
			);
			runOnlyForDeploymentPostprocessing = 0;
		};
		48498D6F73D4A1CB0E510347 = {
			isa = PBXResourcesBuildPhase;
			buildActionMask = 2147483647;
			files = (
				35715982B9CB8B0DF98B5B16,
			);
			runOnlyForDeploymentPostprocessing = 0;
		};
		97C5B061F4DFE0E419099B68 = {
			isa = PBXResourcesBuildPhase;
			buildActionMask = 2147483647;
			files = (
				35715982B9CB8B0DF98B5B16,
			);
			runOnlyForDeploymentPostprocessing = 0;
		};
/* End PBXResourcesBuildPhase section */

/* Begin PBXRezBuildPhase section */
		DC5E1B593080E3F9A502459F = {
			isa = PBXRezBuildPhase;
			buildActionMask = 2147483647;
			files = (
				BEBFEF402D89705F03A6AEAE,
			);
			runOnlyForDeploymentPostprocessing = 0;
		};
/* End PBXRezBuildPhase section */

/* Begin PBXSourcesBuildPhase section */
		AA0771493B16325A94395FE8 = {
			isa = PBXSourcesBuildPhase;
			buildActionMask = 2147483647;
			files = (
				2F5784A1DA3B5E57AD631148,
				80AB3FC4EE073F2AE330E2E0,
			);
			runOnlyForDeploymentPostprocessing = 0;
		};
		DF5D029193A9B85B6E62C6BB = {
			isa = PBXSourcesBuildPhase;
			buildActionMask = 2147483647;
			files = (
				98F77C4BBB9FFE53FACCD5C7,
			);
			runOnlyForDeploymentPostprocessing = 0;
		};
		F7995FB36744FF33246669B5 = {
			isa = PBXSourcesBuildPhase;
			buildActionMask = 2147483647;
			files = (
				6882C43E543041293C6577F5,
			);
			runOnlyForDeploymentPostprocessing = 0;
		};
		FB1A82AA099A3477E5DBB56D = {
			isa = PBXSourcesBuildPhase;
			buildActionMask = 2147483647;
			files = (
				E29CFB287508C07E37475AC0,
				1BE4002110453B0B18F599C2,
				1B9B2B1E99D9ADD49E7A2809,
				A7D40BCA636DFE2C79C2EA3F,
				D71D6AD38D18512254831BEA,
				367C7B68EFD7F8B6810E90AE,
				58A0840CC34157FC4BF7ED52,
				120D1336D4383F2CDF881ACD,
				D2BC32C1302DCB40EC6DC133,
				813818842B3ADC680B5ECDCE,
				CC306246A0952101F01EB370,
				4ED86536DCB7FE2D1C5BFBAA,
				33D6AA01A405C20FBB6AC274,
				67CB9C905E721F18348DB3DE,
				78C9F2053AE3D84801EE8E03,
				3347A07FE7D7052011510814,
				18C710524260C2F4CE15A5C3,
				8FBBCCFD2148C8415EEF50B3,
				8E16A0081718F0FAB5B73FDE,
				2641D7F1656CB65EBE467FD1,
				38A75CBEA3481EBE09D7C513,
				BC3CB16D76A37C7FAC52BBD9,
				1592DA5A26B5DE07D12BD55F,
				3D0FCCF2D543D31A3C2C7F6E,
			);
			runOnlyForDeploymentPostprocessing = 0;
		};
/* End PBXSourcesBuildPhase section */

/* Begin PBXTargetDependency section */
		0AAF721F49D65D585595B05E = {
			isa = PBXTargetDependency;
			target = CCCC728878B7BD56B85A56BC;
		};
		3B5F1C91CF5F5F6EB3BBF79D = {
			isa = PBXTargetDependency;
			target = CCCC728878B7BD56B85A56BC;
		};
		4A9302F8EE59212AE739ECB1 = {
			isa = PBXTargetDependency;
			target = 2C310C413FBEB276FB466E2E;
		};
		968CCDFA74F664530EEE45E9 = {
			isa = PBXTargetDependency;
			target = 9F3805581BBF3F39CDC3DDAC;
		};
		B919BA6B0DB56E56EEF3BE24 = {
			isa = PBXTargetDependency;
			target = CCCC728878B7BD56B85A56BC;
		};
		CF57582A773BD3D7200259A8 = {
			isa = PBXTargetDependency;
			target = 5184CDB87085CABC82FBE22D;
		};
		FF2346697B2299596DCFEC6B = {
			isa = PBXTargetDependency;
			target = CCCC728878B7BD56B85A56BC;
		};
/* End PBXTargetDependency section */

/* Begin XCBuildConfiguration section */
		0F23B57D759B4CAF9DA8EF40 /* Debug */ = {
			isa = XCBuildConfiguration;
			buildSettings = {
				CLANG_CXX_LANGUAGE_STANDARD = "c++17";
				CLANG_CXX_LIBRARY = "libc++";
				CLANG_LINK_OBJC_RUNTIME = NO;
				CODE_SIGN_IDENTITY = "";
				COMBINE_HIDPI_IMAGES = YES;
				CONFIGURATION_BUILD_DIR = "$(PROJECT_DIR)/build/$(CONFIGURATION)";
				COPY_PHASE_STRIP = NO;
				DEPLOYMENT_LOCATION = YES;
				DSTROOT = /;
				EXCLUDED_ARCHS = "";
				GCC_DYNAMIC_NO_PIC = NO;
				GCC_OPTIMIZATION_LEVEL = 0;
				GCC_PREPROCESSOR_DEFINITIONS = (
					"_DEBUG=1",
					"DEBUG=1",
					"JUCE_DISPLAY_SPLASH_SCREEN=1",
					"JUCE_USE_DARK_SPLASH_SCREEN=1",
					"JUCE_PROJUCER_VERSION=0x60104",
					"JUCE_MODULE_AVAILABLE_juce_audio_basics=1",
					"JUCE_MODULE_AVAILABLE_juce_audio_devices=1",
					"JUCE_MODULE_AVAILABLE_juce_audio_formats=1",
					"JUCE_MODULE_AVAILABLE_juce_audio_plugin_client=1",
					"JUCE_MODULE_AVAILABLE_juce_audio_processors=1",
					"JUCE_MODULE_AVAILABLE_juce_audio_utils=1",
					"JUCE_MODULE_AVAILABLE_juce_core=1",
					"JUCE_MODULE_AVAILABLE_juce_data_structures=1",
					"JUCE_MODULE_AVAILABLE_juce_events=1",
					"JUCE_MODULE_AVAILABLE_juce_graphics=1",
					"JUCE_MODULE_AVAILABLE_juce_gui_basics=1",
					"JUCE_MODULE_AVAILABLE_juce_gui_extra=1",
					"JUCE_GLOBAL_MODULE_SETTINGS_INCLUDED=1",
					"JUCE_VST3_CAN_REPLACE_VST2=0",
					"JUCE_STRICT_REFCOUNTEDPOINTER=1",
					"JucePlugin_Build_VST=0",
					"JucePlugin_Build_VST3=1",
					"JucePlugin_Build_AU=0",
					"JucePlugin_Build_AUv3=0",
					"JucePlugin_Build_RTAS=0",
					"JucePlugin_Build_AAX=0",
					"JucePlugin_Build_Standalone=0",
					"JucePlugin_Build_Unity=0",
					"JucePlugin_Enable_IAA=0",
					"JucePlugin_Name=\\\"Harmoni\\\"",
					"JucePlugin_Desc=\\\"Harmoni\\\"",
					"JucePlugin_Manufacturer=\\\"Akkabakka\\\"",
					"JucePlugin_ManufacturerWebsite=\\\"\\\"",
					"JucePlugin_ManufacturerEmail=\\\"\\\"",
					"JucePlugin_ManufacturerCode=0x4d616e75",
					"JucePlugin_PluginCode=0x47376362",
					"JucePlugin_IsSynth=1",
					"JucePlugin_WantsMidiInput=1",
					"JucePlugin_ProducesMidiOutput=1",
					"JucePlugin_IsMidiEffect=0",
					"JucePlugin_EditorRequiresKeyboardFocus=0",
					"JucePlugin_Version=1.0.0",
					"JucePlugin_VersionCode=0x10000",
					"JucePlugin_VersionString=\\\"1.0.0\\\"",
					"JucePlugin_VSTUniqueID=JucePlugin_PluginCode",
					"JucePlugin_VSTCategory=kPlugCategSynth",
					"JucePlugin_Vst3Category=\\\"Instrument|Synth\\\"",
					"JucePlugin_AUMainType=\\'aumu\\'",
					"JucePlugin_AUSubType=JucePlugin_PluginCode",
					"JucePlugin_AUExportPrefix=HarmoniAU",
					"JucePlugin_AUExportPrefixQuoted=\\\"HarmoniAU\\\"",
					"JucePlugin_AUManufacturerCode=JucePlugin_ManufacturerCode",
					"JucePlugin_CFBundleIdentifier=com.yourcompany.Harmoni",
					"JucePlugin_RTASCategory=2048",
					"JucePlugin_RTASManufacturerCode=JucePlugin_ManufacturerCode",
					"JucePlugin_RTASProductId=JucePlugin_PluginCode",
					"JucePlugin_RTASDisableBypass=0",
					"JucePlugin_RTASDisableMultiMono=0",
					"JucePlugin_AAXIdentifier=com.yourcompany.Harmoni",
					"JucePlugin_AAXManufacturerCode=JucePlugin_ManufacturerCode",
					"JucePlugin_AAXProductId=JucePlugin_PluginCode",
					"JucePlugin_AAXCategory=2048",
					"JucePlugin_AAXDisableBypass=0",
					"JucePlugin_AAXDisableMultiMono=0",
					"JucePlugin_IAAType=0x61757269",
					"JucePlugin_IAASubType=JucePlugin_PluginCode",
					"JucePlugin_IAAName=\\\"Akkabakka:\\ Harmoni\\\"",
					"JucePlugin_VSTNumMidiInputs=16",
					"JucePlugin_VSTNumMidiOutputs=16",
					"JUCE_STANDALONE_APPLICATION=JucePlugin_Build_Standalone",
					"JUCE_MODAL_LOOPS_PERMITTED=1",
					"JUCER_XCODE_MAC_F6D2F4CF=1",
					"JUCE_APP_VERSION=1.0.0",
					"JUCE_APP_VERSION_HEX=0x10000",
				);
				GCC_VERSION = com.apple.compilers.llvm.clang.1_0;
				GENERATE_PKGINFO_FILE = YES;
				HEADER_SEARCH_PATHS = (
					"/Users/axelborgmo/JUCE/modules/juce_audio_processors/format_types/VST3_SDK",
					"$(SRCROOT)/../../JuceLibraryCode",
					"/Users/axelborgmo/JUCE/modules",
					"/Users/axelborgmo/NYU/Thesis/Harmoni/Harmoni/Maximilan",
					"/Users/axelborgmo/JUCE/modules/juce_audio_plugin_client",
					"$(inherited)",
				);
				INFOPLIST_FILE = Info-VST3.plist;
				INFOPLIST_PREPROCESS = NO;
				INSTALL_PATH = "$(HOME)/Library/Audio/Plug-Ins/VST3/";
				LIBRARY_STYLE = Bundle;
				MACOSX_DEPLOYMENT_TARGET = 10.11;
				MTL_HEADER_SEARCH_PATHS = "/Users/axelborgmo/JUCE/modules/juce_audio_processors/format_types/VST3_SDK $(SRCROOT)/../../JuceLibraryCode /Users/axelborgmo/JUCE/modules /Users/axelborgmo/NYU/Thesis/Harmoni/Harmoni/Maximilan /Users/axelborgmo/JUCE/modules/juce_audio_plugin_client";
				OTHER_LDFLAGS = "-bundle -lHarmoni";
				PRODUCT_BUNDLE_IDENTIFIER = com.yourcompany.Harmoni;
				PRODUCT_NAME = "Harmoni";
				USE_HEADERMAP = NO;
				VALID_ARCHS = "i386 x86_64 arm64 arm64e";
				WRAPPER_EXTENSION = vst3;
			};
			name = Debug;
		};
		1F45841A2C284DE8E8520760 /* Debug */ = {
			isa = XCBuildConfiguration;
			buildSettings = {
				CLANG_CXX_LANGUAGE_STANDARD = "c++17";
				CLANG_CXX_LIBRARY = "libc++";
				CLANG_LINK_OBJC_RUNTIME = NO;
				CODE_SIGN_IDENTITY = "";
				COMBINE_HIDPI_IMAGES = YES;
				CONFIGURATION_BUILD_DIR = "$(PROJECT_DIR)/build/$(CONFIGURATION)";
				COPY_PHASE_STRIP = NO;
				EXCLUDED_ARCHS = "";
				GCC_DYNAMIC_NO_PIC = NO;
				GCC_OPTIMIZATION_LEVEL = 0;
				GCC_PREPROCESSOR_DEFINITIONS = (
					"_DEBUG=1",
					"DEBUG=1",
					"JUCE_DISPLAY_SPLASH_SCREEN=1",
					"JUCE_USE_DARK_SPLASH_SCREEN=1",
					"JUCE_PROJUCER_VERSION=0x60104",
					"JUCE_MODULE_AVAILABLE_juce_audio_basics=1",
					"JUCE_MODULE_AVAILABLE_juce_audio_devices=1",
					"JUCE_MODULE_AVAILABLE_juce_audio_formats=1",
					"JUCE_MODULE_AVAILABLE_juce_audio_plugin_client=1",
					"JUCE_MODULE_AVAILABLE_juce_audio_processors=1",
					"JUCE_MODULE_AVAILABLE_juce_audio_utils=1",
					"JUCE_MODULE_AVAILABLE_juce_core=1",
					"JUCE_MODULE_AVAILABLE_juce_data_structures=1",
					"JUCE_MODULE_AVAILABLE_juce_events=1",
					"JUCE_MODULE_AVAILABLE_juce_graphics=1",
					"JUCE_MODULE_AVAILABLE_juce_gui_basics=1",
					"JUCE_MODULE_AVAILABLE_juce_gui_extra=1",
					"JUCE_GLOBAL_MODULE_SETTINGS_INCLUDED=1",
					"JUCE_VST3_CAN_REPLACE_VST2=0",
					"JUCE_STRICT_REFCOUNTEDPOINTER=1",
					"JucePlugin_Build_VST=0",
					"JucePlugin_Build_VST3=0",
					"JucePlugin_Build_AU=0",
					"JucePlugin_Build_AUv3=0",
					"JucePlugin_Build_RTAS=0",
					"JucePlugin_Build_AAX=0",
					"JucePlugin_Build_Standalone=1",
					"JucePlugin_Build_Unity=0",
					"JucePlugin_Enable_IAA=0",
					"JucePlugin_Name=\\\"Harmoni\\\"",
					"JucePlugin_Desc=\\\"Harmoni\\\"",
					"JucePlugin_Manufacturer=\\\"Akkabakka\\\"",
					"JucePlugin_ManufacturerWebsite=\\\"\\\"",
					"JucePlugin_ManufacturerEmail=\\\"\\\"",
					"JucePlugin_ManufacturerCode=0x4d616e75",
					"JucePlugin_PluginCode=0x47376362",
					"JucePlugin_IsSynth=1",
					"JucePlugin_WantsMidiInput=1",
					"JucePlugin_ProducesMidiOutput=1",
					"JucePlugin_IsMidiEffect=0",
					"JucePlugin_EditorRequiresKeyboardFocus=0",
					"JucePlugin_Version=1.0.0",
					"JucePlugin_VersionCode=0x10000",
					"JucePlugin_VersionString=\\\"1.0.0\\\"",
					"JucePlugin_VSTUniqueID=JucePlugin_PluginCode",
					"JucePlugin_VSTCategory=kPlugCategSynth",
					"JucePlugin_Vst3Category=\\\"Instrument|Synth\\\"",
					"JucePlugin_AUMainType=\\'aumu\\'",
					"JucePlugin_AUSubType=JucePlugin_PluginCode",
					"JucePlugin_AUExportPrefix=HarmoniAU",
					"JucePlugin_AUExportPrefixQuoted=\\\"HarmoniAU\\\"",
					"JucePlugin_AUManufacturerCode=JucePlugin_ManufacturerCode",
					"JucePlugin_CFBundleIdentifier=com.yourcompany.Harmoni",
					"JucePlugin_RTASCategory=2048",
					"JucePlugin_RTASManufacturerCode=JucePlugin_ManufacturerCode",
					"JucePlugin_RTASProductId=JucePlugin_PluginCode",
					"JucePlugin_RTASDisableBypass=0",
					"JucePlugin_RTASDisableMultiMono=0",
					"JucePlugin_AAXIdentifier=com.yourcompany.Harmoni",
					"JucePlugin_AAXManufacturerCode=JucePlugin_ManufacturerCode",
					"JucePlugin_AAXProductId=JucePlugin_PluginCode",
					"JucePlugin_AAXCategory=2048",
					"JucePlugin_AAXDisableBypass=0",
					"JucePlugin_AAXDisableMultiMono=0",
					"JucePlugin_IAAType=0x61757269",
					"JucePlugin_IAASubType=JucePlugin_PluginCode",
					"JucePlugin_IAAName=\\\"Akkabakka:\\ Harmoni\\\"",
					"JucePlugin_VSTNumMidiInputs=16",
					"JucePlugin_VSTNumMidiOutputs=16",
					"JUCE_STANDALONE_APPLICATION=JucePlugin_Build_Standalone",
					"JUCE_MODAL_LOOPS_PERMITTED=1",
					"JUCER_XCODE_MAC_F6D2F4CF=1",
					"JUCE_APP_VERSION=1.0.0",
					"JUCE_APP_VERSION_HEX=0x10000",
				);
				GCC_VERSION = com.apple.compilers.llvm.clang.1_0;
				HEADER_SEARCH_PATHS = (
					"/Users/axelborgmo/JUCE/modules/juce_audio_processors/format_types/VST3_SDK",
					"$(SRCROOT)/../../JuceLibraryCode",
					"/Users/axelborgmo/JUCE/modules",
					"/Users/axelborgmo/NYU/Thesis/Harmoni/Harmoni/Maximilan",
					"/Users/axelborgmo/JUCE/modules/juce_audio_plugin_client",
					"$(inherited)",
				);
				INFOPLIST_FILE = Info-Standalone_Plugin.plist;
				INFOPLIST_PREPROCESS = NO;
				MACOSX_DEPLOYMENT_TARGET = 10.11;
				MTL_HEADER_SEARCH_PATHS = "/Users/axelborgmo/JUCE/modules/juce_audio_processors/format_types/VST3_SDK $(SRCROOT)/../../JuceLibraryCode /Users/axelborgmo/JUCE/modules /Users/axelborgmo/NYU/Thesis/Harmoni/Harmoni/Maximilan /Users/axelborgmo/JUCE/modules/juce_audio_plugin_client";
				OTHER_LDFLAGS = "-lHarmoni";
				PRODUCT_BUNDLE_IDENTIFIER = com.yourcompany.Harmoni;
				PRODUCT_NAME = "Harmoni";
				USE_HEADERMAP = NO;
				VALID_ARCHS = "i386 x86_64 arm64 arm64e";
			};
			name = Debug;
		};
		44F9E5AEFA18428EDE632CC4 /* Debug */ = {
			isa = XCBuildConfiguration;
			buildSettings = {
				MACOSX_DEPLOYMENT_TARGET = 10.11;
				SDKROOT = macosx;
			};
			name = Debug;
		};
		8637D668E330AC76B3C33D9E /* Release */ = {
			isa = XCBuildConfiguration;
			buildSettings = {
				ALWAYS_SEARCH_USER_PATHS = NO;
				CLANG_ENABLE_OBJC_WEAK = YES;
				CLANG_WARN_BLOCK_CAPTURE_AUTORELEASING = YES;
				CLANG_WARN_BOOL_CONVERSION = YES;
				CLANG_WARN_COMMA = YES;
				CLANG_WARN_CONSTANT_CONVERSION = YES;
				CLANG_WARN_DEPRECATED_OBJC_IMPLEMENTATIONS = YES;
				CLANG_WARN_EMPTY_BODY = YES;
				CLANG_WARN_ENUM_CONVERSION = YES;
				CLANG_WARN_INFINITE_RECURSION = YES;
				CLANG_WARN_INT_CONVERSION = YES;
				CLANG_WARN_NON_LITERAL_NULL_CONVERSION = YES;
				CLANG_WARN_OBJC_IMPLICIT_RETAIN_SELF = YES;
				CLANG_WARN_OBJC_LITERAL_CONVERSION = YES;
				CLANG_WARN_RANGE_LOOP_ANALYSIS = YES;
				CLANG_WARN_STRICT_PROTOTYPES = YES;
				CLANG_WARN_SUSPICIOUS_MOVE = YES;
				CLANG_WARN_UNREACHABLE_CODE = YES;
				CLANG_WARN__DUPLICATE_METHOD_MATCH = YES;
				CODE_SIGN_IDENTITY = "";
				DEBUG_INFORMATION_FORMAT = dwarf;
				ENABLE_STRICT_OBJC_MSGSEND = YES;
				ENABLE_TESTABILITY = NO;
				GCC_C_LANGUAGE_STANDARD = c11;
				GCC_INLINES_ARE_PRIVATE_EXTERN = YES;
				GCC_MODEL_TUNING = G5;
				GCC_NO_COMMON_BLOCKS = YES;
				GCC_SYMBOLS_PRIVATE_EXTERN = YES;
				GCC_WARN_64_TO_32_BIT_CONVERSION = YES;
				GCC_WARN_ABOUT_RETURN_TYPE = YES;
				GCC_WARN_CHECK_SWITCH_STATEMENTS = YES;
				GCC_WARN_MISSING_PARENTHESES = YES;
				GCC_WARN_NON_VIRTUAL_DESTRUCTOR = YES;
				GCC_WARN_TYPECHECK_CALLS_TO_PRINTF = YES;
				GCC_WARN_UNDECLARED_SELECTOR = YES;
				GCC_WARN_UNINITIALIZED_AUTOS = YES;
				GCC_WARN_UNUSED_FUNCTION = YES;
				GCC_WARN_UNUSED_VARIABLE = YES;
				PRODUCT_NAME = "Harmoni";
				SDKROOT = macosx;
				WARNING_CFLAGS = "-Wreorder";
				ZERO_LINK = NO;
			};
			name = Release;
		};
		A25C80CDC3125E22398F62E9 /* Release */ = {
			isa = XCBuildConfiguration;
			buildSettings = {
				CLANG_CXX_LANGUAGE_STANDARD = "c++17";
				CLANG_CXX_LIBRARY = "libc++";
				CLANG_LINK_OBJC_RUNTIME = NO;
				CODE_SIGN_IDENTITY = "";
				COMBINE_HIDPI_IMAGES = YES;
				CONFIGURATION_BUILD_DIR = "$(PROJECT_DIR)/build/$(CONFIGURATION)";
				DEAD_CODE_STRIPPING = YES;
				DEPLOYMENT_LOCATION = YES;
				DSTROOT = /;
				EXCLUDED_ARCHS = "";
				GCC_GENERATE_DEBUGGING_SYMBOLS = NO;
				GCC_OPTIMIZATION_LEVEL = 3;
				GCC_PREPROCESSOR_DEFINITIONS = (
					"_NDEBUG=1",
					"NDEBUG=1",
					"JUCE_DISPLAY_SPLASH_SCREEN=1",
					"JUCE_USE_DARK_SPLASH_SCREEN=1",
					"JUCE_PROJUCER_VERSION=0x60104",
					"JUCE_MODULE_AVAILABLE_juce_audio_basics=1",
					"JUCE_MODULE_AVAILABLE_juce_audio_devices=1",
					"JUCE_MODULE_AVAILABLE_juce_audio_formats=1",
					"JUCE_MODULE_AVAILABLE_juce_audio_plugin_client=1",
					"JUCE_MODULE_AVAILABLE_juce_audio_processors=1",
					"JUCE_MODULE_AVAILABLE_juce_audio_utils=1",
					"JUCE_MODULE_AVAILABLE_juce_core=1",
					"JUCE_MODULE_AVAILABLE_juce_data_structures=1",
					"JUCE_MODULE_AVAILABLE_juce_events=1",
					"JUCE_MODULE_AVAILABLE_juce_graphics=1",
					"JUCE_MODULE_AVAILABLE_juce_gui_basics=1",
					"JUCE_MODULE_AVAILABLE_juce_gui_extra=1",
					"JUCE_GLOBAL_MODULE_SETTINGS_INCLUDED=1",
					"JUCE_VST3_CAN_REPLACE_VST2=0",
					"JUCE_STRICT_REFCOUNTEDPOINTER=1",
					"JucePlugin_Build_VST=0",
					"JucePlugin_Build_VST3=0",
					"JucePlugin_Build_AU=1",
					"JucePlugin_Build_AUv3=0",
					"JucePlugin_Build_RTAS=0",
					"JucePlugin_Build_AAX=0",
					"JucePlugin_Build_Standalone=0",
					"JucePlugin_Build_Unity=0",
					"JucePlugin_Enable_IAA=0",
					"JucePlugin_Name=\\\"Harmoni\\\"",
					"JucePlugin_Desc=\\\"Harmoni\\\"",
					"JucePlugin_Manufacturer=\\\"Akkabakka\\\"",
					"JucePlugin_ManufacturerWebsite=\\\"\\\"",
					"JucePlugin_ManufacturerEmail=\\\"\\\"",
					"JucePlugin_ManufacturerCode=0x4d616e75",
					"JucePlugin_PluginCode=0x47376362",
					"JucePlugin_IsSynth=1",
					"JucePlugin_WantsMidiInput=1",
					"JucePlugin_ProducesMidiOutput=1",
					"JucePlugin_IsMidiEffect=0",
					"JucePlugin_EditorRequiresKeyboardFocus=0",
					"JucePlugin_Version=1.0.0",
					"JucePlugin_VersionCode=0x10000",
					"JucePlugin_VersionString=\\\"1.0.0\\\"",
					"JucePlugin_VSTUniqueID=JucePlugin_PluginCode",
					"JucePlugin_VSTCategory=kPlugCategSynth",
					"JucePlugin_Vst3Category=\\\"Instrument|Synth\\\"",
					"JucePlugin_AUMainType=\\'aumu\\'",
					"JucePlugin_AUSubType=JucePlugin_PluginCode",
					"JucePlugin_AUExportPrefix=HarmoniAU",
					"JucePlugin_AUExportPrefixQuoted=\\\"HarmoniAU\\\"",
					"JucePlugin_AUManufacturerCode=JucePlugin_ManufacturerCode",
					"JucePlugin_CFBundleIdentifier=com.yourcompany.Harmoni",
					"JucePlugin_RTASCategory=2048",
					"JucePlugin_RTASManufacturerCode=JucePlugin_ManufacturerCode",
					"JucePlugin_RTASProductId=JucePlugin_PluginCode",
					"JucePlugin_RTASDisableBypass=0",
					"JucePlugin_RTASDisableMultiMono=0",
					"JucePlugin_AAXIdentifier=com.yourcompany.Harmoni",
					"JucePlugin_AAXManufacturerCode=JucePlugin_ManufacturerCode",
					"JucePlugin_AAXProductId=JucePlugin_PluginCode",
					"JucePlugin_AAXCategory=2048",
					"JucePlugin_AAXDisableBypass=0",
					"JucePlugin_AAXDisableMultiMono=0",
					"JucePlugin_IAAType=0x61757269",
					"JucePlugin_IAASubType=JucePlugin_PluginCode",
					"JucePlugin_IAAName=\\\"Akkabakka:\\ Harmoni\\\"",
					"JucePlugin_VSTNumMidiInputs=16",
					"JucePlugin_VSTNumMidiOutputs=16",
					"JUCE_STANDALONE_APPLICATION=JucePlugin_Build_Standalone",
					"JUCE_MODAL_LOOPS_PERMITTED=1",
					"JUCER_XCODE_MAC_F6D2F4CF=1",
					"JUCE_APP_VERSION=1.0.0",
					"JUCE_APP_VERSION_HEX=0x10000",
				);
				GCC_VERSION = com.apple.compilers.llvm.clang.1_0;
				GENERATE_PKGINFO_FILE = YES;
				HEADER_SEARCH_PATHS = (
					"/Users/axelborgmo/JUCE/modules/juce_audio_processors/format_types/VST3_SDK",
					"$(SRCROOT)/../../JuceLibraryCode",
					"/Users/axelborgmo/JUCE/modules",
					"/Users/axelborgmo/JUCE/modules/juce_audio_plugin_client",
					"$(inherited)",
				);
				INFOPLIST_FILE = Info-AU.plist;
				INFOPLIST_PREPROCESS = NO;
				INSTALL_PATH = "$(HOME)/Library/Audio/Plug-Ins/Components/";
				LIBRARY_STYLE = Bundle;
				LLVM_LTO = YES;
				MACOSX_DEPLOYMENT_TARGET = 10.11;
				MTL_HEADER_SEARCH_PATHS = "/Users/axelborgmo/JUCE/modules/juce_audio_processors/format_types/VST3_SDK $(SRCROOT)/../../JuceLibraryCode /Users/axelborgmo/JUCE/modules /Users/axelborgmo/JUCE/modules/juce_audio_plugin_client";
				OTHER_LDFLAGS = "-bundle -lHarmoni";
				OTHER_REZFLAGS = "-d ppc_$ppc -d i386_$i386 -d ppc64_$ppc64 -d x86_64_$x86_64 -d arm64_$arm64 -I /System/Library/Frameworks/CoreServices.framework/Frameworks/CarbonCore.framework/Versions/A/Headers -I \"$(DEVELOPER_DIR)/Extras/CoreAudio/AudioUnits/AUPublic/AUBase\" -I \"$(DEVELOPER_DIR)/Platforms/MacOSX.platform/Developer/SDKs/MacOSX.sdk/System/Library/Frameworks/AudioUnit.framework/Headers\"";
				PRODUCT_BUNDLE_IDENTIFIER = com.yourcompany.Harmoni;
				PRODUCT_NAME = "Harmoni";
				USE_HEADERMAP = NO;
				VALID_ARCHS = "i386 x86_64 arm64 arm64e";
				WRAPPER_EXTENSION = component;
			};
			name = Release;
		};
		BA3709A6209F267899822F78 /* Debug */ = {
			isa = XCBuildConfiguration;
			buildSettings = {
				ALWAYS_SEARCH_USER_PATHS = NO;
				CLANG_ENABLE_OBJC_WEAK = YES;
				CLANG_WARN_BLOCK_CAPTURE_AUTORELEASING = YES;
				CLANG_WARN_BOOL_CONVERSION = YES;
				CLANG_WARN_COMMA = YES;
				CLANG_WARN_CONSTANT_CONVERSION = YES;
				CLANG_WARN_DEPRECATED_OBJC_IMPLEMENTATIONS = YES;
				CLANG_WARN_EMPTY_BODY = YES;
				CLANG_WARN_ENUM_CONVERSION = YES;
				CLANG_WARN_INFINITE_RECURSION = YES;
				CLANG_WARN_INT_CONVERSION = YES;
				CLANG_WARN_NON_LITERAL_NULL_CONVERSION = YES;
				CLANG_WARN_OBJC_IMPLICIT_RETAIN_SELF = YES;
				CLANG_WARN_OBJC_LITERAL_CONVERSION = YES;
				CLANG_WARN_RANGE_LOOP_ANALYSIS = YES;
				CLANG_WARN_STRICT_PROTOTYPES = YES;
				CLANG_WARN_SUSPICIOUS_MOVE = YES;
				CLANG_WARN_UNREACHABLE_CODE = YES;
				CLANG_WARN__DUPLICATE_METHOD_MATCH = YES;
				CODE_SIGN_IDENTITY = "";
				DEBUG_INFORMATION_FORMAT = dwarf;
				ENABLE_STRICT_OBJC_MSGSEND = YES;
				ENABLE_TESTABILITY = NO;
				GCC_C_LANGUAGE_STANDARD = c11;
				GCC_INLINES_ARE_PRIVATE_EXTERN = YES;
				GCC_MODEL_TUNING = G5;
				GCC_NO_COMMON_BLOCKS = YES;
				GCC_SYMBOLS_PRIVATE_EXTERN = YES;
				GCC_WARN_64_TO_32_BIT_CONVERSION = YES;
				GCC_WARN_ABOUT_RETURN_TYPE = YES;
				GCC_WARN_CHECK_SWITCH_STATEMENTS = YES;
				GCC_WARN_MISSING_PARENTHESES = YES;
				GCC_WARN_NON_VIRTUAL_DESTRUCTOR = YES;
				GCC_WARN_TYPECHECK_CALLS_TO_PRINTF = YES;
				GCC_WARN_UNDECLARED_SELECTOR = YES;
				GCC_WARN_UNINITIALIZED_AUTOS = YES;
				GCC_WARN_UNUSED_FUNCTION = YES;
				GCC_WARN_UNUSED_VARIABLE = YES;
				ONLY_ACTIVE_ARCH = YES;
				PRODUCT_NAME = "Harmoni";
				SDKROOT = macosx;
				WARNING_CFLAGS = "-Wreorder";
				ZERO_LINK = NO;
			};
			name = Debug;
		};
		BC6ECBA33F4874BC6BE8391D /* Release */ = {
			isa = XCBuildConfiguration;
			buildSettings = {
				MACOSX_DEPLOYMENT_TARGET = 10.11;
				SDKROOT = macosx;
			};
			name = Release;
		};
		DFC98C2FF5AD036DB833584C /* Release */ = {
			isa = XCBuildConfiguration;
			buildSettings = {
				CLANG_CXX_LANGUAGE_STANDARD = "c++17";
				CLANG_CXX_LIBRARY = "libc++";
				CLANG_LINK_OBJC_RUNTIME = NO;
				CODE_SIGN_IDENTITY = "";
				COMBINE_HIDPI_IMAGES = YES;
				CONFIGURATION_BUILD_DIR = "$(PROJECT_DIR)/build/$(CONFIGURATION)";
				DEAD_CODE_STRIPPING = YES;
				EXCLUDED_ARCHS = "";
				GCC_GENERATE_DEBUGGING_SYMBOLS = NO;
				GCC_OPTIMIZATION_LEVEL = 3;
				GCC_PREPROCESSOR_DEFINITIONS = (
					"_NDEBUG=1",
					"NDEBUG=1",
					"JUCE_DISPLAY_SPLASH_SCREEN=1",
					"JUCE_USE_DARK_SPLASH_SCREEN=1",
					"JUCE_PROJUCER_VERSION=0x60104",
					"JUCE_MODULE_AVAILABLE_juce_audio_basics=1",
					"JUCE_MODULE_AVAILABLE_juce_audio_devices=1",
					"JUCE_MODULE_AVAILABLE_juce_audio_formats=1",
					"JUCE_MODULE_AVAILABLE_juce_audio_plugin_client=1",
					"JUCE_MODULE_AVAILABLE_juce_audio_processors=1",
					"JUCE_MODULE_AVAILABLE_juce_audio_utils=1",
					"JUCE_MODULE_AVAILABLE_juce_core=1",
					"JUCE_MODULE_AVAILABLE_juce_data_structures=1",
					"JUCE_MODULE_AVAILABLE_juce_events=1",
					"JUCE_MODULE_AVAILABLE_juce_graphics=1",
					"JUCE_MODULE_AVAILABLE_juce_gui_basics=1",
					"JUCE_MODULE_AVAILABLE_juce_gui_extra=1",
					"JUCE_GLOBAL_MODULE_SETTINGS_INCLUDED=1",
					"JUCE_VST3_CAN_REPLACE_VST2=0",
					"JUCE_STRICT_REFCOUNTEDPOINTER=1",
					"JucePlugin_Build_VST=0",
					"JucePlugin_Build_VST3=0",
					"JucePlugin_Build_AU=0",
					"JucePlugin_Build_AUv3=0",
					"JucePlugin_Build_RTAS=0",
					"JucePlugin_Build_AAX=0",
					"JucePlugin_Build_Standalone=1",
					"JucePlugin_Build_Unity=0",
					"JucePlugin_Enable_IAA=0",
					"JucePlugin_Name=\\\"Harmoni\\\"",
					"JucePlugin_Desc=\\\"Harmoni\\\"",
					"JucePlugin_Manufacturer=\\\"Akkabakka\\\"",
					"JucePlugin_ManufacturerWebsite=\\\"\\\"",
					"JucePlugin_ManufacturerEmail=\\\"\\\"",
					"JucePlugin_ManufacturerCode=0x4d616e75",
					"JucePlugin_PluginCode=0x47376362",
					"JucePlugin_IsSynth=1",
					"JucePlugin_WantsMidiInput=1",
					"JucePlugin_ProducesMidiOutput=1",
					"JucePlugin_IsMidiEffect=0",
					"JucePlugin_EditorRequiresKeyboardFocus=0",
					"JucePlugin_Version=1.0.0",
					"JucePlugin_VersionCode=0x10000",
					"JucePlugin_VersionString=\\\"1.0.0\\\"",
					"JucePlugin_VSTUniqueID=JucePlugin_PluginCode",
					"JucePlugin_VSTCategory=kPlugCategSynth",
					"JucePlugin_Vst3Category=\\\"Instrument|Synth\\\"",
					"JucePlugin_AUMainType=\\'aumu\\'",
					"JucePlugin_AUSubType=JucePlugin_PluginCode",
					"JucePlugin_AUExportPrefix=HarmoniAU",
					"JucePlugin_AUExportPrefixQuoted=\\\"HarmoniAU\\\"",
					"JucePlugin_AUManufacturerCode=JucePlugin_ManufacturerCode",
					"JucePlugin_CFBundleIdentifier=com.yourcompany.Harmoni",
					"JucePlugin_RTASCategory=2048",
					"JucePlugin_RTASManufacturerCode=JucePlugin_ManufacturerCode",
					"JucePlugin_RTASProductId=JucePlugin_PluginCode",
					"JucePlugin_RTASDisableBypass=0",
					"JucePlugin_RTASDisableMultiMono=0",
					"JucePlugin_AAXIdentifier=com.yourcompany.Harmoni",
					"JucePlugin_AAXManufacturerCode=JucePlugin_ManufacturerCode",
					"JucePlugin_AAXProductId=JucePlugin_PluginCode",
					"JucePlugin_AAXCategory=2048",
					"JucePlugin_AAXDisableBypass=0",
					"JucePlugin_AAXDisableMultiMono=0",
					"JucePlugin_IAAType=0x61757269",
					"JucePlugin_IAASubType=JucePlugin_PluginCode",
					"JucePlugin_IAAName=\\\"Akkabakka:\\ Harmoni\\\"",
					"JucePlugin_VSTNumMidiInputs=16",
					"JucePlugin_VSTNumMidiOutputs=16",
					"JUCE_STANDALONE_APPLICATION=JucePlugin_Build_Standalone",
					"JUCE_MODAL_LOOPS_PERMITTED=1",
					"JUCER_XCODE_MAC_F6D2F4CF=1",
					"JUCE_APP_VERSION=1.0.0",
					"JUCE_APP_VERSION_HEX=0x10000",
				);
				GCC_VERSION = com.apple.compilers.llvm.clang.1_0;
				HEADER_SEARCH_PATHS = (
					"/Users/axelborgmo/JUCE/modules/juce_audio_processors/format_types/VST3_SDK",
					"$(SRCROOT)/../../JuceLibraryCode",
					"/Users/axelborgmo/JUCE/modules",
					"/Users/axelborgmo/JUCE/modules/juce_audio_plugin_client",
					"$(inherited)",
				);
				INFOPLIST_FILE = Info-Standalone_Plugin.plist;
				INFOPLIST_PREPROCESS = NO;
				LLVM_LTO = YES;
				MACOSX_DEPLOYMENT_TARGET = 10.11;
				MTL_HEADER_SEARCH_PATHS = "/Users/axelborgmo/JUCE/modules/juce_audio_processors/format_types/VST3_SDK $(SRCROOT)/../../JuceLibraryCode /Users/axelborgmo/JUCE/modules /Users/axelborgmo/JUCE/modules/juce_audio_plugin_client";
				OTHER_LDFLAGS = "-lHarmoni";
				PRODUCT_BUNDLE_IDENTIFIER = com.yourcompany.Harmoni;
				PRODUCT_NAME = "Harmoni";
				USE_HEADERMAP = NO;
				VALID_ARCHS = "i386 x86_64 arm64 arm64e";
			};
			name = Release;
		};
		E9945079FB42B1359240EBC1 /* Debug */ = {
			isa = XCBuildConfiguration;
			buildSettings = {
				CLANG_CXX_LANGUAGE_STANDARD = "c++17";
				CLANG_CXX_LIBRARY = "libc++";
				CLANG_LINK_OBJC_RUNTIME = NO;
				CODE_SIGN_IDENTITY = "";
				COMBINE_HIDPI_IMAGES = YES;
				CONFIGURATION_BUILD_DIR = "$(PROJECT_DIR)/build/$(CONFIGURATION)";
				COPY_PHASE_STRIP = NO;
				DEPLOYMENT_LOCATION = YES;
				DSTROOT = /;
				EXCLUDED_ARCHS = "";
				GCC_DYNAMIC_NO_PIC = NO;
				GCC_OPTIMIZATION_LEVEL = 0;
				GCC_PREPROCESSOR_DEFINITIONS = (
					"_DEBUG=1",
					"DEBUG=1",
					"JUCE_DISPLAY_SPLASH_SCREEN=1",
					"JUCE_USE_DARK_SPLASH_SCREEN=1",
					"JUCE_PROJUCER_VERSION=0x60104",
					"JUCE_MODULE_AVAILABLE_juce_audio_basics=1",
					"JUCE_MODULE_AVAILABLE_juce_audio_devices=1",
					"JUCE_MODULE_AVAILABLE_juce_audio_formats=1",
					"JUCE_MODULE_AVAILABLE_juce_audio_plugin_client=1",
					"JUCE_MODULE_AVAILABLE_juce_audio_processors=1",
					"JUCE_MODULE_AVAILABLE_juce_audio_utils=1",
					"JUCE_MODULE_AVAILABLE_juce_core=1",
					"JUCE_MODULE_AVAILABLE_juce_data_structures=1",
					"JUCE_MODULE_AVAILABLE_juce_events=1",
					"JUCE_MODULE_AVAILABLE_juce_graphics=1",
					"JUCE_MODULE_AVAILABLE_juce_gui_basics=1",
					"JUCE_MODULE_AVAILABLE_juce_gui_extra=1",
					"JUCE_GLOBAL_MODULE_SETTINGS_INCLUDED=1",
					"JUCE_VST3_CAN_REPLACE_VST2=0",
					"JUCE_STRICT_REFCOUNTEDPOINTER=1",
					"JucePlugin_Build_VST=0",
					"JucePlugin_Build_VST3=0",
					"JucePlugin_Build_AU=1",
					"JucePlugin_Build_AUv3=0",
					"JucePlugin_Build_RTAS=0",
					"JucePlugin_Build_AAX=0",
					"JucePlugin_Build_Standalone=0",
					"JucePlugin_Build_Unity=0",
					"JucePlugin_Enable_IAA=0",
					"JucePlugin_Name=\\\"Harmoni\\\"",
					"JucePlugin_Desc=\\\"Harmoni\\\"",
					"JucePlugin_Manufacturer=\\\"Akkabakka\\\"",
					"JucePlugin_ManufacturerWebsite=\\\"\\\"",
					"JucePlugin_ManufacturerEmail=\\\"\\\"",
					"JucePlugin_ManufacturerCode=0x4d616e75",
					"JucePlugin_PluginCode=0x47376362",
					"JucePlugin_IsSynth=1",
					"JucePlugin_WantsMidiInput=1",
					"JucePlugin_ProducesMidiOutput=1",
					"JucePlugin_IsMidiEffect=0",
					"JucePlugin_EditorRequiresKeyboardFocus=0",
					"JucePlugin_Version=1.0.0",
					"JucePlugin_VersionCode=0x10000",
					"JucePlugin_VersionString=\\\"1.0.0\\\"",
					"JucePlugin_VSTUniqueID=JucePlugin_PluginCode",
					"JucePlugin_VSTCategory=kPlugCategSynth",
					"JucePlugin_Vst3Category=\\\"Instrument|Synth\\\"",
					"JucePlugin_AUMainType=\\'aumu\\'",
					"JucePlugin_AUSubType=JucePlugin_PluginCode",
					"JucePlugin_AUExportPrefix=HarmoniAU",
					"JucePlugin_AUExportPrefixQuoted=\\\"HarmoniAU\\\"",
					"JucePlugin_AUManufacturerCode=JucePlugin_ManufacturerCode",
					"JucePlugin_CFBundleIdentifier=com.yourcompany.Harmoni",
					"JucePlugin_RTASCategory=2048",
					"JucePlugin_RTASManufacturerCode=JucePlugin_ManufacturerCode",
					"JucePlugin_RTASProductId=JucePlugin_PluginCode",
					"JucePlugin_RTASDisableBypass=0",
					"JucePlugin_RTASDisableMultiMono=0",
					"JucePlugin_AAXIdentifier=com.yourcompany.Harmoni",
					"JucePlugin_AAXManufacturerCode=JucePlugin_ManufacturerCode",
					"JucePlugin_AAXProductId=JucePlugin_PluginCode",
					"JucePlugin_AAXCategory=2048",
					"JucePlugin_AAXDisableBypass=0",
					"JucePlugin_AAXDisableMultiMono=0",
					"JucePlugin_IAAType=0x61757269",
					"JucePlugin_IAASubType=JucePlugin_PluginCode",
					"JucePlugin_IAAName=\\\"Akkabakka:\\ Harmoni\\\"",
					"JucePlugin_VSTNumMidiInputs=16",
					"JucePlugin_VSTNumMidiOutputs=16",
					"JUCE_STANDALONE_APPLICATION=JucePlugin_Build_Standalone",
					"JUCE_MODAL_LOOPS_PERMITTED=1",
					"JUCER_XCODE_MAC_F6D2F4CF=1",
					"JUCE_APP_VERSION=1.0.0",
					"JUCE_APP_VERSION_HEX=0x10000",
				);
				GCC_VERSION = com.apple.compilers.llvm.clang.1_0;
				GENERATE_PKGINFO_FILE = YES;
				HEADER_SEARCH_PATHS = (
					"/Users/axelborgmo/JUCE/modules/juce_audio_processors/format_types/VST3_SDK",
					"$(SRCROOT)/../../JuceLibraryCode",
					"/Users/axelborgmo/JUCE/modules",
					"/Users/axelborgmo/NYU/Thesis/Harmoni/Harmoni/Maximilan",
					"/Users/axelborgmo/JUCE/modules/juce_audio_plugin_client",
					"$(inherited)",
				);
				INFOPLIST_FILE = Info-AU.plist;
				INFOPLIST_PREPROCESS = NO;
				INSTALL_PATH = "$(HOME)/Library/Audio/Plug-Ins/Components/";
				LIBRARY_STYLE = Bundle;
				MACOSX_DEPLOYMENT_TARGET = 10.11;
				MTL_HEADER_SEARCH_PATHS = "/Users/axelborgmo/JUCE/modules/juce_audio_processors/format_types/VST3_SDK $(SRCROOT)/../../JuceLibraryCode /Users/axelborgmo/JUCE/modules /Users/axelborgmo/NYU/Thesis/Harmoni/Harmoni/Maximilan /Users/axelborgmo/JUCE/modules/juce_audio_plugin_client";
				OTHER_LDFLAGS = "-bundle -lHarmoni";
				OTHER_REZFLAGS = "-d ppc_$ppc -d i386_$i386 -d ppc64_$ppc64 -d x86_64_$x86_64 -d arm64_$arm64 -I /System/Library/Frameworks/CoreServices.framework/Frameworks/CarbonCore.framework/Versions/A/Headers -I \"$(DEVELOPER_DIR)/Extras/CoreAudio/AudioUnits/AUPublic/AUBase\" -I \"$(DEVELOPER_DIR)/Platforms/MacOSX.platform/Developer/SDKs/MacOSX.sdk/System/Library/Frameworks/AudioUnit.framework/Headers\"";
				PRODUCT_BUNDLE_IDENTIFIER = com.yourcompany.Harmoni;
				PRODUCT_NAME = "Harmoni";
				USE_HEADERMAP = NO;
				VALID_ARCHS = "i386 x86_64 arm64 arm64e";
				WRAPPER_EXTENSION = component;
			};
			name = Debug;
		};
		F1D0D8825E53A8536A5300B8 /* Release */ = {
			isa = XCBuildConfiguration;
			buildSettings = {
				CLANG_CXX_LANGUAGE_STANDARD = "c++17";
				CLANG_CXX_LIBRARY = "libc++";
				CLANG_LINK_OBJC_RUNTIME = NO;
				CODE_SIGN_IDENTITY = "";
				COMBINE_HIDPI_IMAGES = YES;
				CONFIGURATION_BUILD_DIR = "$(PROJECT_DIR)/build/$(CONFIGURATION)";
				DEAD_CODE_STRIPPING = YES;
				DEPLOYMENT_LOCATION = YES;
				DSTROOT = /;
				EXCLUDED_ARCHS = "";
				GCC_GENERATE_DEBUGGING_SYMBOLS = NO;
				GCC_OPTIMIZATION_LEVEL = 3;
				GCC_PREPROCESSOR_DEFINITIONS = (
					"_NDEBUG=1",
					"NDEBUG=1",
					"JUCE_DISPLAY_SPLASH_SCREEN=1",
					"JUCE_USE_DARK_SPLASH_SCREEN=1",
					"JUCE_PROJUCER_VERSION=0x60104",
					"JUCE_MODULE_AVAILABLE_juce_audio_basics=1",
					"JUCE_MODULE_AVAILABLE_juce_audio_devices=1",
					"JUCE_MODULE_AVAILABLE_juce_audio_formats=1",
					"JUCE_MODULE_AVAILABLE_juce_audio_plugin_client=1",
					"JUCE_MODULE_AVAILABLE_juce_audio_processors=1",
					"JUCE_MODULE_AVAILABLE_juce_audio_utils=1",
					"JUCE_MODULE_AVAILABLE_juce_core=1",
					"JUCE_MODULE_AVAILABLE_juce_data_structures=1",
					"JUCE_MODULE_AVAILABLE_juce_events=1",
					"JUCE_MODULE_AVAILABLE_juce_graphics=1",
					"JUCE_MODULE_AVAILABLE_juce_gui_basics=1",
					"JUCE_MODULE_AVAILABLE_juce_gui_extra=1",
					"JUCE_GLOBAL_MODULE_SETTINGS_INCLUDED=1",
					"JUCE_VST3_CAN_REPLACE_VST2=0",
					"JUCE_STRICT_REFCOUNTEDPOINTER=1",
					"JucePlugin_Build_VST=0",
					"JucePlugin_Build_VST3=1",
					"JucePlugin_Build_AU=0",
					"JucePlugin_Build_AUv3=0",
					"JucePlugin_Build_RTAS=0",
					"JucePlugin_Build_AAX=0",
					"JucePlugin_Build_Standalone=0",
					"JucePlugin_Build_Unity=0",
					"JucePlugin_Enable_IAA=0",
					"JucePlugin_Name=\\\"Harmoni\\\"",
					"JucePlugin_Desc=\\\"Harmoni\\\"",
					"JucePlugin_Manufacturer=\\\"Akkabakka\\\"",
					"JucePlugin_ManufacturerWebsite=\\\"\\\"",
					"JucePlugin_ManufacturerEmail=\\\"\\\"",
					"JucePlugin_ManufacturerCode=0x4d616e75",
					"JucePlugin_PluginCode=0x47376362",
					"JucePlugin_IsSynth=1",
					"JucePlugin_WantsMidiInput=1",
					"JucePlugin_ProducesMidiOutput=1",
					"JucePlugin_IsMidiEffect=0",
					"JucePlugin_EditorRequiresKeyboardFocus=0",
					"JucePlugin_Version=1.0.0",
					"JucePlugin_VersionCode=0x10000",
					"JucePlugin_VersionString=\\\"1.0.0\\\"",
					"JucePlugin_VSTUniqueID=JucePlugin_PluginCode",
					"JucePlugin_VSTCategory=kPlugCategSynth",
					"JucePlugin_Vst3Category=\\\"Instrument|Synth\\\"",
					"JucePlugin_AUMainType=\\'aumu\\'",
					"JucePlugin_AUSubType=JucePlugin_PluginCode",
					"JucePlugin_AUExportPrefix=HarmoniAU",
					"JucePlugin_AUExportPrefixQuoted=\\\"HarmoniAU\\\"",
					"JucePlugin_AUManufacturerCode=JucePlugin_ManufacturerCode",
					"JucePlugin_CFBundleIdentifier=com.yourcompany.Harmoni",
					"JucePlugin_RTASCategory=2048",
					"JucePlugin_RTASManufacturerCode=JucePlugin_ManufacturerCode",
					"JucePlugin_RTASProductId=JucePlugin_PluginCode",
					"JucePlugin_RTASDisableBypass=0",
					"JucePlugin_RTASDisableMultiMono=0",
					"JucePlugin_AAXIdentifier=com.yourcompany.Harmoni",
					"JucePlugin_AAXManufacturerCode=JucePlugin_ManufacturerCode",
					"JucePlugin_AAXProductId=JucePlugin_PluginCode",
					"JucePlugin_AAXCategory=2048",
					"JucePlugin_AAXDisableBypass=0",
					"JucePlugin_AAXDisableMultiMono=0",
					"JucePlugin_IAAType=0x61757269",
					"JucePlugin_IAASubType=JucePlugin_PluginCode",
					"JucePlugin_IAAName=\\\"Akkabakka:\\ Harmoni\\\"",
					"JucePlugin_VSTNumMidiInputs=16",
					"JucePlugin_VSTNumMidiOutputs=16",
					"JUCE_STANDALONE_APPLICATION=JucePlugin_Build_Standalone",
					"JUCE_MODAL_LOOPS_PERMITTED=1",
					"JUCER_XCODE_MAC_F6D2F4CF=1",
					"JUCE_APP_VERSION=1.0.0",
					"JUCE_APP_VERSION_HEX=0x10000",
				);
				GCC_VERSION = com.apple.compilers.llvm.clang.1_0;
				GENERATE_PKGINFO_FILE = YES;
				HEADER_SEARCH_PATHS = (
					"/Users/axelborgmo/JUCE/modules/juce_audio_processors/format_types/VST3_SDK",
					"$(SRCROOT)/../../JuceLibraryCode",
					"/Users/axelborgmo/JUCE/modules",
					"/Users/axelborgmo/JUCE/modules/juce_audio_plugin_client",
					"$(inherited)",
				);
				INFOPLIST_FILE = Info-VST3.plist;
				INFOPLIST_PREPROCESS = NO;
				INSTALL_PATH = "$(HOME)/Library/Audio/Plug-Ins/VST3/";
				LIBRARY_STYLE = Bundle;
				LLVM_LTO = YES;
				MACOSX_DEPLOYMENT_TARGET = 10.11;
				MTL_HEADER_SEARCH_PATHS = "/Users/axelborgmo/JUCE/modules/juce_audio_processors/format_types/VST3_SDK $(SRCROOT)/../../JuceLibraryCode /Users/axelborgmo/JUCE/modules /Users/axelborgmo/JUCE/modules/juce_audio_plugin_client";
				OTHER_LDFLAGS = "-bundle -lHarmoni";
				PRODUCT_BUNDLE_IDENTIFIER = com.yourcompany.Harmoni;
				PRODUCT_NAME = "Harmoni";
				USE_HEADERMAP = NO;
				VALID_ARCHS = "i386 x86_64 arm64 arm64e";
				WRAPPER_EXTENSION = vst3;
			};
			name = Release;
		};
		F994944D952DC66467D0084A /* Release */ = {
			isa = XCBuildConfiguration;
			buildSettings = {
				CLANG_CXX_LANGUAGE_STANDARD = "c++17";
				CLANG_CXX_LIBRARY = "libc++";
				CLANG_LINK_OBJC_RUNTIME = NO;
				CODE_SIGN_IDENTITY = "";
				COMBINE_HIDPI_IMAGES = YES;
				CONFIGURATION_BUILD_DIR = "$(PROJECT_DIR)/build/$(CONFIGURATION)";
				DEAD_CODE_STRIPPING = YES;
				EXCLUDED_ARCHS = "";
				GCC_GENERATE_DEBUGGING_SYMBOLS = NO;
				GCC_OPTIMIZATION_LEVEL = 3;
				GCC_PREPROCESSOR_DEFINITIONS = (
					"_NDEBUG=1",
					"NDEBUG=1",
					"JUCE_DISPLAY_SPLASH_SCREEN=1",
					"JUCE_USE_DARK_SPLASH_SCREEN=1",
					"JUCE_PROJUCER_VERSION=0x60104",
					"JUCE_MODULE_AVAILABLE_juce_audio_basics=1",
					"JUCE_MODULE_AVAILABLE_juce_audio_devices=1",
					"JUCE_MODULE_AVAILABLE_juce_audio_formats=1",
					"JUCE_MODULE_AVAILABLE_juce_audio_plugin_client=1",
					"JUCE_MODULE_AVAILABLE_juce_audio_processors=1",
					"JUCE_MODULE_AVAILABLE_juce_audio_utils=1",
					"JUCE_MODULE_AVAILABLE_juce_core=1",
					"JUCE_MODULE_AVAILABLE_juce_data_structures=1",
					"JUCE_MODULE_AVAILABLE_juce_events=1",
					"JUCE_MODULE_AVAILABLE_juce_graphics=1",
					"JUCE_MODULE_AVAILABLE_juce_gui_basics=1",
					"JUCE_MODULE_AVAILABLE_juce_gui_extra=1",
					"JUCE_GLOBAL_MODULE_SETTINGS_INCLUDED=1",
					"JUCE_VST3_CAN_REPLACE_VST2=0",
					"JUCE_STRICT_REFCOUNTEDPOINTER=1",
					"JucePlugin_Build_VST=0",
					"JucePlugin_Build_VST3=1",
					"JucePlugin_Build_AU=1",
					"JucePlugin_Build_AUv3=0",
					"JucePlugin_Build_RTAS=0",
					"JucePlugin_Build_AAX=0",
					"JucePlugin_Build_Standalone=1",
					"JucePlugin_Build_Unity=0",
					"JucePlugin_Enable_IAA=0",
					"JucePlugin_Name=\\\"Harmoni\\\"",
					"JucePlugin_Desc=\\\"Harmoni\\\"",
					"JucePlugin_Manufacturer=\\\"Akkabakka\\\"",
					"JucePlugin_ManufacturerWebsite=\\\"\\\"",
					"JucePlugin_ManufacturerEmail=\\\"\\\"",
					"JucePlugin_ManufacturerCode=0x4d616e75",
					"JucePlugin_PluginCode=0x47376362",
					"JucePlugin_IsSynth=1",
					"JucePlugin_WantsMidiInput=1",
					"JucePlugin_ProducesMidiOutput=1",
					"JucePlugin_IsMidiEffect=0",
					"JucePlugin_EditorRequiresKeyboardFocus=0",
					"JucePlugin_Version=1.0.0",
					"JucePlugin_VersionCode=0x10000",
					"JucePlugin_VersionString=\\\"1.0.0\\\"",
					"JucePlugin_VSTUniqueID=JucePlugin_PluginCode",
					"JucePlugin_VSTCategory=kPlugCategSynth",
					"JucePlugin_Vst3Category=\\\"Instrument|Synth\\\"",
					"JucePlugin_AUMainType=\\'aumu\\'",
					"JucePlugin_AUSubType=JucePlugin_PluginCode",
					"JucePlugin_AUExportPrefix=HarmoniAU",
					"JucePlugin_AUExportPrefixQuoted=\\\"HarmoniAU\\\"",
					"JucePlugin_AUManufacturerCode=JucePlugin_ManufacturerCode",
					"JucePlugin_CFBundleIdentifier=com.yourcompany.Harmoni",
					"JucePlugin_RTASCategory=2048",
					"JucePlugin_RTASManufacturerCode=JucePlugin_ManufacturerCode",
					"JucePlugin_RTASProductId=JucePlugin_PluginCode",
					"JucePlugin_RTASDisableBypass=0",
					"JucePlugin_RTASDisableMultiMono=0",
					"JucePlugin_AAXIdentifier=com.yourcompany.Harmoni",
					"JucePlugin_AAXManufacturerCode=JucePlugin_ManufacturerCode",
					"JucePlugin_AAXProductId=JucePlugin_PluginCode",
					"JucePlugin_AAXCategory=2048",
					"JucePlugin_AAXDisableBypass=0",
					"JucePlugin_AAXDisableMultiMono=0",
					"JucePlugin_IAAType=0x61757269",
					"JucePlugin_IAASubType=JucePlugin_PluginCode",
					"JucePlugin_IAAName=\\\"Akkabakka:\\ Harmoni\\\"",
					"JucePlugin_VSTNumMidiInputs=16",
					"JucePlugin_VSTNumMidiOutputs=16",
					"JUCE_STANDALONE_APPLICATION=JucePlugin_Build_Standalone",
					"JUCE_MODAL_LOOPS_PERMITTED=1",
					"JUCER_XCODE_MAC_F6D2F4CF=1",
					"JUCE_APP_VERSION=1.0.0",
					"JUCE_APP_VERSION_HEX=0x10000",
					"JUCE_SHARED_CODE=1",
				);
				GCC_VERSION = com.apple.compilers.llvm.clang.1_0;
				HEADER_SEARCH_PATHS = (
					"/Users/axelborgmo/JUCE/modules/juce_audio_processors/format_types/VST3_SDK",
					"$(SRCROOT)/../../JuceLibraryCode",
					"/Users/axelborgmo/JUCE/modules",
					"/Users/axelborgmo/JUCE/modules/juce_audio_plugin_client",
					"$(inherited)",
				);
				INSTALL_PATH = "@executable_path/../Frameworks";
				LLVM_LTO = YES;
				MACOSX_DEPLOYMENT_TARGET = 10.11;
				MTL_HEADER_SEARCH_PATHS = "/Users/axelborgmo/JUCE/modules/juce_audio_processors/format_types/VST3_SDK $(SRCROOT)/../../JuceLibraryCode /Users/axelborgmo/JUCE/modules /Users/axelborgmo/JUCE/modules/juce_audio_plugin_client";
				PRODUCT_BUNDLE_IDENTIFIER = com.yourcompany.Harmoni;
				PRODUCT_NAME = "Harmoni";
				SKIP_INSTALL = YES;
				USE_HEADERMAP = NO;
				VALID_ARCHS = "i386 x86_64 arm64 arm64e";
			};
			name = Release;
		};
		FABEBD8A1887F94676899EB0 /* Debug */ = {
			isa = XCBuildConfiguration;
			buildSettings = {
				CLANG_CXX_LANGUAGE_STANDARD = "c++17";
				CLANG_CXX_LIBRARY = "libc++";
				CLANG_LINK_OBJC_RUNTIME = NO;
				CODE_SIGN_IDENTITY = "";
				COMBINE_HIDPI_IMAGES = YES;
				CONFIGURATION_BUILD_DIR = "$(PROJECT_DIR)/build/$(CONFIGURATION)";
				COPY_PHASE_STRIP = NO;
				EXCLUDED_ARCHS = "";
				GCC_DYNAMIC_NO_PIC = NO;
				GCC_OPTIMIZATION_LEVEL = 0;
				GCC_PREPROCESSOR_DEFINITIONS = (
					"_DEBUG=1",
					"DEBUG=1",
					"JUCE_DISPLAY_SPLASH_SCREEN=1",
					"JUCE_USE_DARK_SPLASH_SCREEN=1",
					"JUCE_PROJUCER_VERSION=0x60104",
					"JUCE_MODULE_AVAILABLE_juce_audio_basics=1",
					"JUCE_MODULE_AVAILABLE_juce_audio_devices=1",
					"JUCE_MODULE_AVAILABLE_juce_audio_formats=1",
					"JUCE_MODULE_AVAILABLE_juce_audio_plugin_client=1",
					"JUCE_MODULE_AVAILABLE_juce_audio_processors=1",
					"JUCE_MODULE_AVAILABLE_juce_audio_utils=1",
					"JUCE_MODULE_AVAILABLE_juce_core=1",
					"JUCE_MODULE_AVAILABLE_juce_data_structures=1",
					"JUCE_MODULE_AVAILABLE_juce_events=1",
					"JUCE_MODULE_AVAILABLE_juce_graphics=1",
					"JUCE_MODULE_AVAILABLE_juce_gui_basics=1",
					"JUCE_MODULE_AVAILABLE_juce_gui_extra=1",
					"JUCE_GLOBAL_MODULE_SETTINGS_INCLUDED=1",
					"JUCE_VST3_CAN_REPLACE_VST2=0",
					"JUCE_STRICT_REFCOUNTEDPOINTER=1",
					"JucePlugin_Build_VST=0",
					"JucePlugin_Build_VST3=1",
					"JucePlugin_Build_AU=1",
					"JucePlugin_Build_AUv3=0",
					"JucePlugin_Build_RTAS=0",
					"JucePlugin_Build_AAX=0",
					"JucePlugin_Build_Standalone=1",
					"JucePlugin_Build_Unity=0",
					"JucePlugin_Enable_IAA=0",
					"JucePlugin_Name=\\\"Harmoni\\\"",
					"JucePlugin_Desc=\\\"Harmoni\\\"",
					"JucePlugin_Manufacturer=\\\"Akkabakka\\\"",
					"JucePlugin_ManufacturerWebsite=\\\"\\\"",
					"JucePlugin_ManufacturerEmail=\\\"\\\"",
					"JucePlugin_ManufacturerCode=0x4d616e75",
					"JucePlugin_PluginCode=0x47376362",
					"JucePlugin_IsSynth=1",
					"JucePlugin_WantsMidiInput=1",
					"JucePlugin_ProducesMidiOutput=1",
					"JucePlugin_IsMidiEffect=0",
					"JucePlugin_EditorRequiresKeyboardFocus=0",
					"JucePlugin_Version=1.0.0",
					"JucePlugin_VersionCode=0x10000",
					"JucePlugin_VersionString=\\\"1.0.0\\\"",
					"JucePlugin_VSTUniqueID=JucePlugin_PluginCode",
					"JucePlugin_VSTCategory=kPlugCategSynth",
					"JucePlugin_Vst3Category=\\\"Instrument|Synth\\\"",
					"JucePlugin_AUMainType=\\'aumu\\'",
					"JucePlugin_AUSubType=JucePlugin_PluginCode",
					"JucePlugin_AUExportPrefix=HarmoniAU",
					"JucePlugin_AUExportPrefixQuoted=\\\"HarmoniAU\\\"",
					"JucePlugin_AUManufacturerCode=JucePlugin_ManufacturerCode",
					"JucePlugin_CFBundleIdentifier=com.yourcompany.Harmoni",
					"JucePlugin_RTASCategory=2048",
					"JucePlugin_RTASManufacturerCode=JucePlugin_ManufacturerCode",
					"JucePlugin_RTASProductId=JucePlugin_PluginCode",
					"JucePlugin_RTASDisableBypass=0",
					"JucePlugin_RTASDisableMultiMono=0",
					"JucePlugin_AAXIdentifier=com.yourcompany.Harmoni",
					"JucePlugin_AAXManufacturerCode=JucePlugin_ManufacturerCode",
					"JucePlugin_AAXProductId=JucePlugin_PluginCode",
					"JucePlugin_AAXCategory=2048",
					"JucePlugin_AAXDisableBypass=0",
					"JucePlugin_AAXDisableMultiMono=0",
					"JucePlugin_IAAType=0x61757269",
					"JucePlugin_IAASubType=JucePlugin_PluginCode",
					"JucePlugin_IAAName=\\\"Akkabakka:\\ Harmoni\\\"",
					"JucePlugin_VSTNumMidiInputs=16",
					"JucePlugin_VSTNumMidiOutputs=16",
					"JUCE_STANDALONE_APPLICATION=JucePlugin_Build_Standalone",
					"JUCE_MODAL_LOOPS_PERMITTED=1",
					"JUCER_XCODE_MAC_F6D2F4CF=1",
					"JUCE_APP_VERSION=1.0.0",
					"JUCE_APP_VERSION_HEX=0x10000",
					"JUCE_SHARED_CODE=1",
				);
				GCC_VERSION = com.apple.compilers.llvm.clang.1_0;
				HEADER_SEARCH_PATHS = (
					"/Users/axelborgmo/JUCE/modules/juce_audio_processors/format_types/VST3_SDK",
					"$(SRCROOT)/../../JuceLibraryCode",
					"/Users/axelborgmo/JUCE/modules",
					"/Users/axelborgmo/NYU/Thesis/Harmoni/Harmoni/Maximilan",
					"/Users/axelborgmo/JUCE/modules/juce_audio_plugin_client",
					"$(inherited)",
				);
				INSTALL_PATH = "@executable_path/../Frameworks";
				MACOSX_DEPLOYMENT_TARGET = 10.11;
				MTL_HEADER_SEARCH_PATHS = "/Users/axelborgmo/JUCE/modules/juce_audio_processors/format_types/VST3_SDK $(SRCROOT)/../../JuceLibraryCode /Users/axelborgmo/JUCE/modules /Users/axelborgmo/NYU/Thesis/Harmoni/Harmoni/Maximilan /Users/axelborgmo/JUCE/modules/juce_audio_plugin_client";
				PRODUCT_BUNDLE_IDENTIFIER = com.yourcompany.Harmoni;
				PRODUCT_NAME = "Harmoni";
				SKIP_INSTALL = YES;
				USE_HEADERMAP = NO;
				VALID_ARCHS = "i386 x86_64 arm64 arm64e";
			};
			name = Debug;
		};
/* End XCBuildConfiguration section */

/* Begin XCConfigurationList section */
		3FFC2CD19525D252578B6CCB = {
			isa = XCConfigurationList;
			buildConfigurations = (
				FABEBD8A1887F94676899EB0,
				F994944D952DC66467D0084A,
			);
			defaultConfigurationIsVisible = 0;
			defaultConfigurationName = Debug;
		};
		883FB73CD2E3E0FE791C7584 = {
			isa = XCConfigurationList;
			buildConfigurations = (
				1F45841A2C284DE8E8520760,
				DFC98C2FF5AD036DB833584C,
			);
			defaultConfigurationIsVisible = 0;
			defaultConfigurationName = Debug;
		};
		AA56EE4DEFFDCD9ED915D252 = {
			isa = XCConfigurationList;
			buildConfigurations = (
				8637D668E330AC76B3C33D9E,
				BA3709A6209F267899822F78,
			);
			defaultConfigurationIsVisible = 0;
			defaultConfigurationName = Debug;
		};
		AE1D970BF3A259A9DBEB49C5 = {
			isa = XCConfigurationList;
			buildConfigurations = (
				E9945079FB42B1359240EBC1,
				A25C80CDC3125E22398F62E9,
			);
			defaultConfigurationIsVisible = 0;
			defaultConfigurationName = Debug;
		};
		BDA98D04669003A6AAF43D3C = {
			isa = XCConfigurationList;
			buildConfigurations = (
				44F9E5AEFA18428EDE632CC4,
				BC6ECBA33F4874BC6BE8391D,
			);
			defaultConfigurationIsVisible = 0;
			defaultConfigurationName = Debug;
		};
		FA29B008E190C0671542A76E = {
			isa = XCConfigurationList;
			buildConfigurations = (
				0F23B57D759B4CAF9DA8EF40,
				F1D0D8825E53A8536A5300B8,
			);
			defaultConfigurationIsVisible = 0;
			defaultConfigurationName = Debug;
		};
/* End XCConfigurationList section */
	};
	rootObject = 9A0D2AE37DA5B4538BCAD41A /* Project object */;
}
